// !$*UTF8*$!
{
	archiveVersion = 1;
	classes = {
	};
	objectVersion = 46;
	objects = {

/* Begin PBXBuildFile section */
		1073870579CDBE1946D33078 /* LICENSE in Resources */ = {isa = PBXBuildFile; fileRef = 10738B79F218E4FAA9EBA164 /* LICENSE */; };
		3C5CAC068E7E0F99D86052F4 /* Pods_IFAHtml.framework in Frameworks */ = {isa = PBXBuildFile; fileRef = D05B6E80A37BDF81F0FB0F9C /* Pods_IFAHtml.framework */; };
		E7B896BE30A9AE13E7C9EA84 /* Pods_IFAHtml_IFAHtmlTests.framework in Frameworks */ = {isa = PBXBuildFile; fileRef = F3771785CE333865BA7866E1 /* Pods_IFAHtml_IFAHtmlTests.framework */; };
		F71416091BEFD7AC009F8895 /* IFA_DTHTMLParser.h in Headers */ = {isa = PBXBuildFile; fileRef = F71416071BEFD7AC009F8895 /* IFA_DTHTMLParser.h */; settings = {ATTRIBUTES = (Public, ); }; };
		F714160A1BEFD7AC009F8895 /* IFA_DTHTMLParser.m in Sources */ = {isa = PBXBuildFile; fileRef = F71416081BEFD7AC009F8895 /* IFA_DTHTMLParser.m */; };
		F714160C1BEFD7FF009F8895 /* IFA_DTWeakSupport.h in Headers */ = {isa = PBXBuildFile; fileRef = F714160B1BEFD7FF009F8895 /* IFA_DTWeakSupport.h */; settings = {ATTRIBUTES = (Public, ); }; };
		F71416161BEFE0D4009F8895 /* libxml2.2.dylib in Frameworks */ = {isa = PBXBuildFile; fileRef = F71416151BEFE0D4009F8895 /* libxml2.2.dylib */; };
		F714161E1BEFE24A009F8895 /* NSString+IFA_GTM_HTML.h in Headers */ = {isa = PBXBuildFile; fileRef = F71416181BEFE24A009F8895 /* NSString+IFA_GTM_HTML.h */; settings = {ATTRIBUTES = (Public, ); }; };
		F714161F1BEFE24A009F8895 /* NSString+IFA_GTM_HTML.m in Sources */ = {isa = PBXBuildFile; fileRef = F71416191BEFE24A009F8895 /* NSString+IFA_GTM_HTML.m */; };
		F71416211BEFE24A009F8895 /* NSString+IFA_MW_HTML.h in Headers */ = {isa = PBXBuildFile; fileRef = F714161B1BEFE24A009F8895 /* NSString+IFA_MW_HTML.h */; settings = {ATTRIBUTES = (Public, ); }; };
		F71416221BEFE24A009F8895 /* NSString+IFA_MW_HTML.m in Sources */ = {isa = PBXBuildFile; fileRef = F714161C1BEFE24A009F8895 /* NSString+IFA_MW_HTML.m */; };
		F714162B1BEFE4C9009F8895 /* IFAHtmlParserTests.m in Sources */ = {isa = PBXBuildFile; fileRef = F71416251BEFE4C9009F8895 /* IFAHtmlParserTests.m */; };
		F714162C1BEFE4C9009F8895 /* HtmlParser_testdata1.html in Resources */ = {isa = PBXBuildFile; fileRef = F71416271BEFE4C9009F8895 /* HtmlParser_testdata1.html */; };
		F714162D1BEFE4C9009F8895 /* HtmlParser_testdata2.html in Resources */ = {isa = PBXBuildFile; fileRef = F71416281BEFE4C9009F8895 /* HtmlParser_testdata2.html */; };
		F714162E1BEFE4C9009F8895 /* HtmlParser_testdata3.html in Resources */ = {isa = PBXBuildFile; fileRef = F71416291BEFE4C9009F8895 /* HtmlParser_testdata3.html */; };
		F714162F1BEFE4C9009F8895 /* HtmlParser_testdata4.html in Resources */ = {isa = PBXBuildFile; fileRef = F714162A1BEFE4C9009F8895 /* HtmlParser_testdata4.html */; };
		F74ACC231BEBFE4400C4B73E /* IFAHtml.h in Headers */ = {isa = PBXBuildFile; fileRef = F74ACC1E1BEBFE4400C4B73E /* IFAHtml.h */; settings = {ATTRIBUTES = (Public, ); }; };
		F74ACC241BEBFE4400C4B73E /* IFAHtmlParser.h in Headers */ = {isa = PBXBuildFile; fileRef = F74ACC1F1BEBFE4400C4B73E /* IFAHtmlParser.h */; settings = {ATTRIBUTES = (Public, ); }; };
		F74ACC251BEBFE4400C4B73E /* IFAHtmlParser.m in Sources */ = {isa = PBXBuildFile; fileRef = F74ACC201BEBFE4400C4B73E /* IFAHtmlParser.m */; };
		F74ACC261BEBFE4400C4B73E /* IFAWebViewController.h in Headers */ = {isa = PBXBuildFile; fileRef = F74ACC211BEBFE4400C4B73E /* IFAWebViewController.h */; settings = {ATTRIBUTES = (Public, ); }; };
		F74ACC271BEBFE4400C4B73E /* IFAWebViewController.m in Sources */ = {isa = PBXBuildFile; fileRef = F74ACC221BEBFE4400C4B73E /* IFAWebViewController.m */; };
		F7D6EB901F5CBEFD00B24F20 /* Dummy.swift in Sources */ = {isa = PBXBuildFile; fileRef = F7D6EB8F1F5CBEFD00B24F20 /* Dummy.swift */; };
		F7D6EB931F5CBF0E00B24F20 /* DummyTests.swift in Sources */ = {isa = PBXBuildFile; fileRef = F7D6EB921F5CBF0E00B24F20 /* DummyTests.swift */; };
/* End PBXBuildFile section */

/* Begin PBXContainerItemProxy section */
		F7650AEF1BE954C600B97932 /* PBXContainerItemProxy */ = {
			isa = PBXContainerItemProxy;
			containerPortal = F7650ADA1BE954C600B97932 /* Project object */;
			proxyType = 1;
			remoteGlobalIDString = F7650AE21BE954C600B97932;
			remoteInfo = IFAHtml;
		};
/* End PBXContainerItemProxy section */

/* Begin PBXCopyFilesBuildPhase section */
		F71416341BEFE753009F8895 /* CopyFiles */ = {
			isa = PBXCopyFilesBuildPhase;
			buildActionMask = 2147483647;
			dstPath = "";
			dstSubfolderSpec = 10;
			files = (
			);
			runOnlyForDeploymentPostprocessing = 0;
		};
/* End PBXCopyFilesBuildPhase section */

/* Begin PBXFileReference section */
		107383E66877F14D06F59DA6 /* ReleaseNotes.txt */ = {isa = PBXFileReference; fileEncoding = 4; lastKnownFileType = text; name = ReleaseNotes.txt; path = ../ReleaseNotes.txt; sourceTree = "<group>"; };
		107384C775547CBF380CFCA3 /* readme.markdown */ = {isa = PBXFileReference; fileEncoding = 4; lastKnownFileType = net.daringfireball.markdown; path = readme.markdown; sourceTree = "<group>"; };
		10738B79F218E4FAA9EBA164 /* LICENSE */ = {isa = PBXFileReference; fileEncoding = 4; lastKnownFileType = text; name = LICENSE; path = ../LICENSE; sourceTree = "<group>"; };
		10738BCB7A3C1130558BB9E9 /* LICENSE */ = {isa = PBXFileReference; fileEncoding = 4; lastKnownFileType = text; path = LICENSE; sourceTree = "<group>"; };
		5B8DDBAC4B7C8CD415EA6892 /* Pods.release.xcconfig */ = {isa = PBXFileReference; includeInIndex = 1; lastKnownFileType = text.xcconfig; name = Pods.release.xcconfig; path = "../Pods/Target Support Files/Pods/Pods.release.xcconfig"; sourceTree = "<group>"; };
		68A6991353FA267BCEDD24D7 /* Pods.debug.xcconfig */ = {isa = PBXFileReference; includeInIndex = 1; lastKnownFileType = text.xcconfig; name = Pods.debug.xcconfig; path = "../Pods/Target Support Files/Pods/Pods.debug.xcconfig"; sourceTree = "<group>"; };
		AD56AC9E0E45160C4A0E780A /* Pods-IFAHtml.debug.xcconfig */ = {isa = PBXFileReference; includeInIndex = 1; lastKnownFileType = text.xcconfig; name = "Pods-IFAHtml.debug.xcconfig"; path = "../Pods/Target Support Files/Pods-IFAHtml/Pods-IFAHtml.debug.xcconfig"; sourceTree = "<group>"; };
		AE921523349ECDD924BB314C /* Pods-IFAHtml-IFAHtmlTests.debug.xcconfig */ = {isa = PBXFileReference; includeInIndex = 1; lastKnownFileType = text.xcconfig; name = "Pods-IFAHtml-IFAHtmlTests.debug.xcconfig"; path = "../Pods/Target Support Files/Pods-IFAHtml-IFAHtmlTests/Pods-IFAHtml-IFAHtmlTests.debug.xcconfig"; sourceTree = "<group>"; };
		BA86326ED183FE9F70BC6E95 /* Pods-IFAHtml-IFAHtmlTests.release.xcconfig */ = {isa = PBXFileReference; includeInIndex = 1; lastKnownFileType = text.xcconfig; name = "Pods-IFAHtml-IFAHtmlTests.release.xcconfig"; path = "../Pods/Target Support Files/Pods-IFAHtml-IFAHtmlTests/Pods-IFAHtml-IFAHtmlTests.release.xcconfig"; sourceTree = "<group>"; };
		D05B6E80A37BDF81F0FB0F9C /* Pods_IFAHtml.framework */ = {isa = PBXFileReference; explicitFileType = wrapper.framework; includeInIndex = 0; path = Pods_IFAHtml.framework; sourceTree = BUILT_PRODUCTS_DIR; };
		F2490846EA961A5FE39A381F /* Pods-IFAHtml.release.xcconfig */ = {isa = PBXFileReference; includeInIndex = 1; lastKnownFileType = text.xcconfig; name = "Pods-IFAHtml.release.xcconfig"; path = "../Pods/Target Support Files/Pods-IFAHtml/Pods-IFAHtml.release.xcconfig"; sourceTree = "<group>"; };
		F3771785CE333865BA7866E1 /* Pods_IFAHtml_IFAHtmlTests.framework */ = {isa = PBXFileReference; explicitFileType = wrapper.framework; includeInIndex = 0; path = Pods_IFAHtml_IFAHtmlTests.framework; sourceTree = BUILT_PRODUCTS_DIR; };
		F71416071BEFD7AC009F8895 /* IFA_DTHTMLParser.h */ = {isa = PBXFileReference; fileEncoding = 4; lastKnownFileType = sourcecode.c.h; path = IFA_DTHTMLParser.h; sourceTree = "<group>"; };
		F71416081BEFD7AC009F8895 /* IFA_DTHTMLParser.m */ = {isa = PBXFileReference; fileEncoding = 4; lastKnownFileType = sourcecode.c.objc; path = IFA_DTHTMLParser.m; sourceTree = "<group>"; };
		F714160B1BEFD7FF009F8895 /* IFA_DTWeakSupport.h */ = {isa = PBXFileReference; fileEncoding = 4; lastKnownFileType = sourcecode.c.h; path = IFA_DTWeakSupport.h; sourceTree = "<group>"; };
		F71416151BEFE0D4009F8895 /* libxml2.2.dylib */ = {isa = PBXFileReference; lastKnownFileType = "compiled.mach-o.dylib"; name = libxml2.2.dylib; path = ../../../../../../../../usr/lib/libxml2.2.dylib; sourceTree = "<group>"; };
		F71416181BEFE24A009F8895 /* NSString+IFA_GTM_HTML.h */ = {isa = PBXFileReference; fileEncoding = 4; lastKnownFileType = sourcecode.c.h; path = "NSString+IFA_GTM_HTML.h"; sourceTree = "<group>"; };
		F71416191BEFE24A009F8895 /* NSString+IFA_GTM_HTML.m */ = {isa = PBXFileReference; fileEncoding = 4; lastKnownFileType = sourcecode.c.objc; path = "NSString+IFA_GTM_HTML.m"; sourceTree = "<group>"; };
		F714161A1BEFE24A009F8895 /* LICENSE.txt */ = {isa = PBXFileReference; fileEncoding = 4; lastKnownFileType = text; path = LICENSE.txt; sourceTree = "<group>"; };
		F714161B1BEFE24A009F8895 /* NSString+IFA_MW_HTML.h */ = {isa = PBXFileReference; fileEncoding = 4; lastKnownFileType = sourcecode.c.h; path = "NSString+IFA_MW_HTML.h"; sourceTree = "<group>"; };
		F714161C1BEFE24A009F8895 /* NSString+IFA_MW_HTML.m */ = {isa = PBXFileReference; fileEncoding = 4; lastKnownFileType = sourcecode.c.objc; path = "NSString+IFA_MW_HTML.m"; sourceTree = "<group>"; };
		F714161D1BEFE24A009F8895 /* README.markdown */ = {isa = PBXFileReference; fileEncoding = 4; lastKnownFileType = net.daringfireball.markdown; path = README.markdown; sourceTree = "<group>"; };
		F71416251BEFE4C9009F8895 /* IFAHtmlParserTests.m */ = {isa = PBXFileReference; fileEncoding = 4; lastKnownFileType = sourcecode.c.objc; path = IFAHtmlParserTests.m; sourceTree = "<group>"; };
		F71416271BEFE4C9009F8895 /* HtmlParser_testdata1.html */ = {isa = PBXFileReference; fileEncoding = 4; lastKnownFileType = text.html; path = HtmlParser_testdata1.html; sourceTree = "<group>"; };
		F71416281BEFE4C9009F8895 /* HtmlParser_testdata2.html */ = {isa = PBXFileReference; fileEncoding = 4; lastKnownFileType = text.html; path = HtmlParser_testdata2.html; sourceTree = "<group>"; };
		F71416291BEFE4C9009F8895 /* HtmlParser_testdata3.html */ = {isa = PBXFileReference; fileEncoding = 4; lastKnownFileType = text.html; path = HtmlParser_testdata3.html; sourceTree = "<group>"; };
		F714162A1BEFE4C9009F8895 /* HtmlParser_testdata4.html */ = {isa = PBXFileReference; fileEncoding = 4; lastKnownFileType = text.html; path = HtmlParser_testdata4.html; sourceTree = "<group>"; };
		F71416301BEFE60E009F8895 /* Podfile */ = {isa = PBXFileReference; lastKnownFileType = text; name = Podfile; path = ../Podfile; sourceTree = "<group>"; xcLanguageSpecificationIdentifier = xcode.lang.ruby; };
		F74ACC1E1BEBFE4400C4B73E /* IFAHtml.h */ = {isa = PBXFileReference; fileEncoding = 4; lastKnownFileType = sourcecode.c.h; path = IFAHtml.h; sourceTree = "<group>"; };
		F74ACC1F1BEBFE4400C4B73E /* IFAHtmlParser.h */ = {isa = PBXFileReference; fileEncoding = 4; lastKnownFileType = sourcecode.c.h; path = IFAHtmlParser.h; sourceTree = "<group>"; };
		F74ACC201BEBFE4400C4B73E /* IFAHtmlParser.m */ = {isa = PBXFileReference; fileEncoding = 4; lastKnownFileType = sourcecode.c.objc; path = IFAHtmlParser.m; sourceTree = "<group>"; };
		F74ACC211BEBFE4400C4B73E /* IFAWebViewController.h */ = {isa = PBXFileReference; fileEncoding = 4; lastKnownFileType = sourcecode.c.h; path = IFAWebViewController.h; sourceTree = "<group>"; };
		F74ACC221BEBFE4400C4B73E /* IFAWebViewController.m */ = {isa = PBXFileReference; fileEncoding = 4; lastKnownFileType = sourcecode.c.objc; path = IFAWebViewController.m; sourceTree = "<group>"; };
		F74ACC281BEBFE9800C4B73E /* Cartfile */ = {isa = PBXFileReference; fileEncoding = 4; lastKnownFileType = text; name = Cartfile; path = ../Cartfile; sourceTree = "<group>"; };
		F75C51721BF136620003174D /* IFAHtml.podspec */ = {isa = PBXFileReference; lastKnownFileType = text; name = IFAHtml.podspec; path = ../IFAHtml.podspec; sourceTree = "<group>"; };
		F7650AE31BE954C600B97932 /* IFAHtml.framework */ = {isa = PBXFileReference; explicitFileType = wrapper.framework; includeInIndex = 0; path = IFAHtml.framework; sourceTree = BUILT_PRODUCTS_DIR; };
		F7650AE81BE954C600B97932 /* Info.plist */ = {isa = PBXFileReference; lastKnownFileType = text.plist.xml; path = Info.plist; sourceTree = "<group>"; };
		F7650AED1BE954C600B97932 /* IFAHtmlTests.xctest */ = {isa = PBXFileReference; explicitFileType = wrapper.cfbundle; includeInIndex = 0; path = IFAHtmlTests.xctest; sourceTree = BUILT_PRODUCTS_DIR; };
		F7650AF41BE954C600B97932 /* Info.plist */ = {isa = PBXFileReference; lastKnownFileType = text.plist.xml; path = Info.plist; sourceTree = "<group>"; };
		F7CB037F1D6278DC00635E81 /* fastlane */ = {isa = PBXFileReference; lastKnownFileType = folder; name = fastlane; path = ../fastlane; sourceTree = "<group>"; };
		F7D6EB8F1F5CBEFD00B24F20 /* Dummy.swift */ = {isa = PBXFileReference; lastKnownFileType = sourcecode.swift; path = Dummy.swift; sourceTree = "<group>"; };
		F7D6EB911F5CBF0E00B24F20 /* IFAHtmlTests-Bridging-Header.h */ = {isa = PBXFileReference; lastKnownFileType = sourcecode.c.h; path = "IFAHtmlTests-Bridging-Header.h"; sourceTree = "<group>"; };
		F7D6EB921F5CBF0E00B24F20 /* DummyTests.swift */ = {isa = PBXFileReference; lastKnownFileType = sourcecode.swift; path = DummyTests.swift; sourceTree = "<group>"; };
/* End PBXFileReference section */

/* Begin PBXFrameworksBuildPhase section */
		F7650ADF1BE954C600B97932 /* Frameworks */ = {
			isa = PBXFrameworksBuildPhase;
			buildActionMask = 2147483647;
			files = (
				F71416161BEFE0D4009F8895 /* libxml2.2.dylib in Frameworks */,
				3C5CAC068E7E0F99D86052F4 /* Pods_IFAHtml.framework in Frameworks */,
			);
			runOnlyForDeploymentPostprocessing = 0;
		};
		F7650AEA1BE954C600B97932 /* Frameworks */ = {
			isa = PBXFrameworksBuildPhase;
			buildActionMask = 2147483647;
			files = (
				E7B896BE30A9AE13E7C9EA84 /* Pods_IFAHtml_IFAHtmlTests.framework in Frameworks */,
			);
			runOnlyForDeploymentPostprocessing = 0;
		};
/* End PBXFrameworksBuildPhase section */

/* Begin PBXGroup section */
		10738E036ECE3F745041E75F /* 3rd party */ = {
			isa = PBXGroup;
			children = (
				F71416171BEFE24A009F8895 /* MWFeedParser */,
				F71416061BEFD7AC009F8895 /* DTFoundation */,
			);
			path = "3rd party";
			sourceTree = "<group>";
		};
		21AE26FE35B6AFE8F1493745 /* Frameworks */ = {
			isa = PBXGroup;
			children = (
				D05B6E80A37BDF81F0FB0F9C /* Pods_IFAHtml.framework */,
				F3771785CE333865BA7866E1 /* Pods_IFAHtml_IFAHtmlTests.framework */,
			);
			name = Frameworks;
			sourceTree = "<group>";
		};
		B129A80CDC5088089F1CC5AB /* Pods */ = {
			isa = PBXGroup;
			children = (
				68A6991353FA267BCEDD24D7 /* Pods.debug.xcconfig */,
				5B8DDBAC4B7C8CD415EA6892 /* Pods.release.xcconfig */,
				AD56AC9E0E45160C4A0E780A /* Pods-IFAHtml.debug.xcconfig */,
				F2490846EA961A5FE39A381F /* Pods-IFAHtml.release.xcconfig */,
				AE921523349ECDD924BB314C /* Pods-IFAHtml-IFAHtmlTests.debug.xcconfig */,
				BA86326ED183FE9F70BC6E95 /* Pods-IFAHtml-IFAHtmlTests.release.xcconfig */,
			);
			name = Pods;
			sourceTree = "<group>";
		};
		F71416061BEFD7AC009F8895 /* DTFoundation */ = {
			isa = PBXGroup;
			children = (
				F714160B1BEFD7FF009F8895 /* IFA_DTWeakSupport.h */,
				F71416071BEFD7AC009F8895 /* IFA_DTHTMLParser.h */,
				F71416081BEFD7AC009F8895 /* IFA_DTHTMLParser.m */,
				10738BCB7A3C1130558BB9E9 /* LICENSE */,
				107384C775547CBF380CFCA3 /* readme.markdown */,
			);
			path = DTFoundation;
			sourceTree = "<group>";
		};
		F71416171BEFE24A009F8895 /* MWFeedParser */ = {
			isa = PBXGroup;
			children = (
				F71416181BEFE24A009F8895 /* NSString+IFA_GTM_HTML.h */,
				F71416191BEFE24A009F8895 /* NSString+IFA_GTM_HTML.m */,
				F714161A1BEFE24A009F8895 /* LICENSE.txt */,
				F714161B1BEFE24A009F8895 /* NSString+IFA_MW_HTML.h */,
				F714161C1BEFE24A009F8895 /* NSString+IFA_MW_HTML.m */,
				F714161D1BEFE24A009F8895 /* README.markdown */,
			);
			path = MWFeedParser;
			sourceTree = "<group>";
		};
		F71416241BEFE4C9009F8895 /* classes */ = {
			isa = PBXGroup;
			children = (
				F71416251BEFE4C9009F8895 /* IFAHtmlParserTests.m */,
				F7D6EB921F5CBF0E00B24F20 /* DummyTests.swift */,
				F7D6EB911F5CBF0E00B24F20 /* IFAHtmlTests-Bridging-Header.h */,
			);
			path = classes;
			sourceTree = "<group>";
		};
		F71416261BEFE4C9009F8895 /* testdata */ = {
			isa = PBXGroup;
			children = (
				F71416271BEFE4C9009F8895 /* HtmlParser_testdata1.html */,
				F71416281BEFE4C9009F8895 /* HtmlParser_testdata2.html */,
				F71416291BEFE4C9009F8895 /* HtmlParser_testdata3.html */,
				F714162A1BEFE4C9009F8895 /* HtmlParser_testdata4.html */,
			);
			path = testdata;
			sourceTree = "<group>";
		};
		F74ACC1D1BEBFE4400C4B73E /* classes */ = {
			isa = PBXGroup;
			children = (
				F74ACC1E1BEBFE4400C4B73E /* IFAHtml.h */,
				F74ACC1F1BEBFE4400C4B73E /* IFAHtmlParser.h */,
				F74ACC201BEBFE4400C4B73E /* IFAHtmlParser.m */,
				F74ACC211BEBFE4400C4B73E /* IFAWebViewController.h */,
				F74ACC221BEBFE4400C4B73E /* IFAWebViewController.m */,
				10738E036ECE3F745041E75F /* 3rd party */,
				F7D6EB8F1F5CBEFD00B24F20 /* Dummy.swift */,
			);
			path = classes;
			sourceTree = "<group>";
		};
		F7650AD91BE954C600B97932 = {
			isa = PBXGroup;
			children = (
				F7CB037F1D6278DC00635E81 /* fastlane */,
				F71416301BEFE60E009F8895 /* Podfile */,
				F75C51721BF136620003174D /* IFAHtml.podspec */,
				F71416151BEFE0D4009F8895 /* libxml2.2.dylib */,
				F74ACC281BEBFE9800C4B73E /* Cartfile */,
				F7650AE51BE954C600B97932 /* IFAHtml */,
				F7650AF11BE954C600B97932 /* IFAHtmlTests */,
				F7650AE41BE954C600B97932 /* Products */,
				B129A80CDC5088089F1CC5AB /* Pods */,
				21AE26FE35B6AFE8F1493745 /* Frameworks */,
				10738B79F218E4FAA9EBA164 /* LICENSE */,
				107383E66877F14D06F59DA6 /* ReleaseNotes.txt */,
			);
			sourceTree = "<group>";
		};
		F7650AE41BE954C600B97932 /* Products */ = {
			isa = PBXGroup;
			children = (
				F7650AE31BE954C600B97932 /* IFAHtml.framework */,
				F7650AED1BE954C600B97932 /* IFAHtmlTests.xctest */,
			);
			name = Products;
			sourceTree = "<group>";
		};
		F7650AE51BE954C600B97932 /* IFAHtml */ = {
			isa = PBXGroup;
			children = (
				F74ACC1D1BEBFE4400C4B73E /* classes */,
				F7650AE81BE954C600B97932 /* Info.plist */,
			);
			path = IFAHtml;
			sourceTree = "<group>";
		};
		F7650AF11BE954C600B97932 /* IFAHtmlTests */ = {
			isa = PBXGroup;
			children = (
				F71416241BEFE4C9009F8895 /* classes */,
				F71416261BEFE4C9009F8895 /* testdata */,
				F7650AF41BE954C600B97932 /* Info.plist */,
			);
			path = IFAHtmlTests;
			sourceTree = "<group>";
		};
/* End PBXGroup section */

/* Begin PBXHeadersBuildPhase section */
		F7650AE01BE954C600B97932 /* Headers */ = {
			isa = PBXHeadersBuildPhase;
			buildActionMask = 2147483647;
			files = (
				F71416211BEFE24A009F8895 /* NSString+IFA_MW_HTML.h in Headers */,
				F74ACC241BEBFE4400C4B73E /* IFAHtmlParser.h in Headers */,
				F74ACC261BEBFE4400C4B73E /* IFAWebViewController.h in Headers */,
				F71416091BEFD7AC009F8895 /* IFA_DTHTMLParser.h in Headers */,
				F74ACC231BEBFE4400C4B73E /* IFAHtml.h in Headers */,
				F714161E1BEFE24A009F8895 /* NSString+IFA_GTM_HTML.h in Headers */,
				F714160C1BEFD7FF009F8895 /* IFA_DTWeakSupport.h in Headers */,
			);
			runOnlyForDeploymentPostprocessing = 0;
		};
/* End PBXHeadersBuildPhase section */

/* Begin PBXNativeTarget section */
		F7650AE21BE954C600B97932 /* IFAHtml */ = {
			isa = PBXNativeTarget;
			buildConfigurationList = F7650AF71BE954C600B97932 /* Build configuration list for PBXNativeTarget "IFAHtml" */;
			buildPhases = (
				641A7D6458BC94D95C913252 /* [CP] Check Pods Manifest.lock */,
				F7650ADE1BE954C600B97932 /* Sources */,
				F7650ADF1BE954C600B97932 /* Frameworks */,
				F7650AE01BE954C600B97932 /* Headers */,
				F7650AE11BE954C600B97932 /* Resources */,
				F56B6A336D21E10F0BDF8EF4 /* [CP] Copy Pods Resources */,
			);
			buildRules = (
			);
			dependencies = (
			);
			name = IFAHtml;
			productName = IFAHtml;
			productReference = F7650AE31BE954C600B97932 /* IFAHtml.framework */;
			productType = "com.apple.product-type.framework";
		};
		F7650AEC1BE954C600B97932 /* IFAHtmlTests */ = {
			isa = PBXNativeTarget;
			buildConfigurationList = F7650AFA1BE954C600B97932 /* Build configuration list for PBXNativeTarget "IFAHtmlTests" */;
			buildPhases = (
				8BEE731407884B9B22DC04EE /* [CP] Check Pods Manifest.lock */,
				F7650AE91BE954C600B97932 /* Sources */,
				F7650AEA1BE954C600B97932 /* Frameworks */,
				F7650AEB1BE954C600B97932 /* Resources */,
				A16ECFDC8A4D9392B2AD4E20 /* [CP] Embed Pods Frameworks */,
				4D24412170C3F7C743494F6F /* [CP] Copy Pods Resources */,
				F71416341BEFE753009F8895 /* CopyFiles */,
			);
			buildRules = (
			);
			dependencies = (
				F7650AF01BE954C600B97932 /* PBXTargetDependency */,
			);
			name = IFAHtmlTests;
			productName = IFAHtmlTests;
			productReference = F7650AED1BE954C600B97932 /* IFAHtmlTests.xctest */;
			productType = "com.apple.product-type.bundle.unit-test";
		};
/* End PBXNativeTarget section */

/* Begin PBXProject section */
		F7650ADA1BE954C600B97932 /* Project object */ = {
			isa = PBXProject;
			attributes = {
				LastUpgradeCheck = 0900;
				ORGANIZATIONNAME = "InfoAccent Pty Ltd";
				TargetAttributes = {
					F7650AE21BE954C600B97932 = {
						CreatedOnToolsVersion = 7.1;
						LastSwiftMigration = 0900;
					};
					F7650AEC1BE954C600B97932 = {
						CreatedOnToolsVersion = 7.1;
						LastSwiftMigration = 0900;
					};
				};
			};
			buildConfigurationList = F7650ADD1BE954C600B97932 /* Build configuration list for PBXProject "IFAHtml" */;
			compatibilityVersion = "Xcode 3.2";
			developmentRegion = English;
			hasScannedForEncodings = 0;
			knownRegions = (
				en,
			);
			mainGroup = F7650AD91BE954C600B97932;
			productRefGroup = F7650AE41BE954C600B97932 /* Products */;
			projectDirPath = "";
			projectRoot = "";
			targets = (
				F7650AE21BE954C600B97932 /* IFAHtml */,
				F7650AEC1BE954C600B97932 /* IFAHtmlTests */,
			);
		};
/* End PBXProject section */

/* Begin PBXResourcesBuildPhase section */
		F7650AE11BE954C600B97932 /* Resources */ = {
			isa = PBXResourcesBuildPhase;
			buildActionMask = 2147483647;
			files = (
				1073870579CDBE1946D33078 /* LICENSE in Resources */,
			);
			runOnlyForDeploymentPostprocessing = 0;
		};
		F7650AEB1BE954C600B97932 /* Resources */ = {
			isa = PBXResourcesBuildPhase;
			buildActionMask = 2147483647;
			files = (
				F714162C1BEFE4C9009F8895 /* HtmlParser_testdata1.html in Resources */,
				F714162E1BEFE4C9009F8895 /* HtmlParser_testdata3.html in Resources */,
				F714162D1BEFE4C9009F8895 /* HtmlParser_testdata2.html in Resources */,
				F714162F1BEFE4C9009F8895 /* HtmlParser_testdata4.html in Resources */,
			);
			runOnlyForDeploymentPostprocessing = 0;
		};
/* End PBXResourcesBuildPhase section */

/* Begin PBXShellScriptBuildPhase section */
		4D24412170C3F7C743494F6F /* [CP] Copy Pods Resources */ = {
			isa = PBXShellScriptBuildPhase;
			buildActionMask = 2147483647;
			files = (
			);
			inputPaths = (
			);
			name = "[CP] Copy Pods Resources";
			outputPaths = (
			);
			runOnlyForDeploymentPostprocessing = 0;
			shellPath = /bin/sh;
			shellScript = "\"${SRCROOT}/../Pods/Target Support Files/Pods-IFAHtml-IFAHtmlTests/Pods-IFAHtml-IFAHtmlTests-resources.sh\"\n";
			showEnvVarsInLog = 0;
		};
		641A7D6458BC94D95C913252 /* [CP] Check Pods Manifest.lock */ = {
			isa = PBXShellScriptBuildPhase;
			buildActionMask = 2147483647;
			files = (
			);
			inputPaths = (
				"${PODS_PODFILE_DIR_PATH}/Podfile.lock",
				"${PODS_ROOT}/Manifest.lock",
			);
			name = "[CP] Check Pods Manifest.lock";
			outputPaths = (
				"$(DERIVED_FILE_DIR)/Pods-IFAHtml-checkManifestLockResult.txt",
			);
			runOnlyForDeploymentPostprocessing = 0;
			shellPath = /bin/sh;
			shellScript = "diff \"${PODS_PODFILE_DIR_PATH}/Podfile.lock\" \"${PODS_ROOT}/Manifest.lock\" > /dev/null\nif [ $? != 0 ] ; then\n    # print error to STDERR\n    echo \"error: The sandbox is not in sync with the Podfile.lock. Run 'pod install' or update your CocoaPods installation.\" >&2\n    exit 1\nfi\n# This output is used by Xcode 'outputs' to avoid re-running this script phase.\necho \"SUCCESS\" > \"${SCRIPT_OUTPUT_FILE_0}\"\n";
			showEnvVarsInLog = 0;
		};
		8BEE731407884B9B22DC04EE /* [CP] Check Pods Manifest.lock */ = {
			isa = PBXShellScriptBuildPhase;
			buildActionMask = 2147483647;
			files = (
			);
			inputPaths = (
				"${PODS_PODFILE_DIR_PATH}/Podfile.lock",
				"${PODS_ROOT}/Manifest.lock",
			);
			name = "[CP] Check Pods Manifest.lock";
			outputPaths = (
				"$(DERIVED_FILE_DIR)/Pods-IFAHtml-IFAHtmlTests-checkManifestLockResult.txt",
			);
			runOnlyForDeploymentPostprocessing = 0;
			shellPath = /bin/sh;
			shellScript = "diff \"${PODS_PODFILE_DIR_PATH}/Podfile.lock\" \"${PODS_ROOT}/Manifest.lock\" > /dev/null\nif [ $? != 0 ] ; then\n    # print error to STDERR\n    echo \"error: The sandbox is not in sync with the Podfile.lock. Run 'pod install' or update your CocoaPods installation.\" >&2\n    exit 1\nfi\n# This output is used by Xcode 'outputs' to avoid re-running this script phase.\necho \"SUCCESS\" > \"${SCRIPT_OUTPUT_FILE_0}\"\n";
			showEnvVarsInLog = 0;
		};
		A16ECFDC8A4D9392B2AD4E20 /* [CP] Embed Pods Frameworks */ = {
			isa = PBXShellScriptBuildPhase;
			buildActionMask = 2147483647;
			files = (
			);
			inputPaths = (
				"${SRCROOT}/../Pods/Target Support Files/Pods-IFAHtml-IFAHtmlTests/Pods-IFAHtml-IFAHtmlTests-frameworks.sh",
				"${BUILT_PRODUCTS_DIR}/IFAAppUI/IFAAppUI.framework",
				"${BUILT_PRODUCTS_DIR}/IFACoreUI/IFACoreUI.framework",
				"${BUILT_PRODUCTS_DIR}/IFAFoundation/IFAFoundation.framework",
				"${BUILT_PRODUCTS_DIR}/IFATestingSupport/IFATestingSupport.framework",
				"${BUILT_PRODUCTS_DIR}/OCHamcrest/OCHamcrest.framework",
				"${BUILT_PRODUCTS_DIR}/OCMock/OCMock.framework",
			);
			name = "[CP] Embed Pods Frameworks";
			outputPaths = (
				"${TARGET_BUILD_DIR}/${FRAMEWORKS_FOLDER_PATH}/IFAAppUI.framework",
				"${TARGET_BUILD_DIR}/${FRAMEWORKS_FOLDER_PATH}/IFACoreUI.framework",
				"${TARGET_BUILD_DIR}/${FRAMEWORKS_FOLDER_PATH}/IFAFoundation.framework",
				"${TARGET_BUILD_DIR}/${FRAMEWORKS_FOLDER_PATH}/IFATestingSupport.framework",
				"${TARGET_BUILD_DIR}/${FRAMEWORKS_FOLDER_PATH}/OCHamcrest.framework",
				"${TARGET_BUILD_DIR}/${FRAMEWORKS_FOLDER_PATH}/OCMock.framework",
			);
			runOnlyForDeploymentPostprocessing = 0;
			shellPath = /bin/sh;
			shellScript = "\"${SRCROOT}/../Pods/Target Support Files/Pods-IFAHtml-IFAHtmlTests/Pods-IFAHtml-IFAHtmlTests-frameworks.sh\"\n";
			showEnvVarsInLog = 0;
		};
		F56B6A336D21E10F0BDF8EF4 /* [CP] Copy Pods Resources */ = {
			isa = PBXShellScriptBuildPhase;
			buildActionMask = 2147483647;
			files = (
			);
			inputPaths = (
			);
			name = "[CP] Copy Pods Resources";
			outputPaths = (
			);
			runOnlyForDeploymentPostprocessing = 0;
			shellPath = /bin/sh;
			shellScript = "\"${SRCROOT}/../Pods/Target Support Files/Pods-IFAHtml/Pods-IFAHtml-resources.sh\"\n";
			showEnvVarsInLog = 0;
		};
/* End PBXShellScriptBuildPhase section */

/* Begin PBXSourcesBuildPhase section */
		F7650ADE1BE954C600B97932 /* Sources */ = {
			isa = PBXSourcesBuildPhase;
			buildActionMask = 2147483647;
			files = (
				F74ACC271BEBFE4400C4B73E /* IFAWebViewController.m in Sources */,
				F714161F1BEFE24A009F8895 /* NSString+IFA_GTM_HTML.m in Sources */,
				F71416221BEFE24A009F8895 /* NSString+IFA_MW_HTML.m in Sources */,
				F714160A1BEFD7AC009F8895 /* IFA_DTHTMLParser.m in Sources */,
				F7D6EB901F5CBEFD00B24F20 /* Dummy.swift in Sources */,
				F74ACC251BEBFE4400C4B73E /* IFAHtmlParser.m in Sources */,
			);
			runOnlyForDeploymentPostprocessing = 0;
		};
		F7650AE91BE954C600B97932 /* Sources */ = {
			isa = PBXSourcesBuildPhase;
			buildActionMask = 2147483647;
			files = (
				F7D6EB931F5CBF0E00B24F20 /* DummyTests.swift in Sources */,
				F714162B1BEFE4C9009F8895 /* IFAHtmlParserTests.m in Sources */,
			);
			runOnlyForDeploymentPostprocessing = 0;
		};
/* End PBXSourcesBuildPhase section */

/* Begin PBXTargetDependency section */
		F7650AF01BE954C600B97932 /* PBXTargetDependency */ = {
			isa = PBXTargetDependency;
			target = F7650AE21BE954C600B97932 /* IFAHtml */;
			targetProxy = F7650AEF1BE954C600B97932 /* PBXContainerItemProxy */;
		};
/* End PBXTargetDependency section */

/* Begin XCBuildConfiguration section */
		F7650AF51BE954C600B97932 /* Debug */ = {
			isa = XCBuildConfiguration;
			buildSettings = {
				ALWAYS_SEARCH_USER_PATHS = NO;
				CLANG_CXX_LANGUAGE_STANDARD = "gnu++0x";
				CLANG_CXX_LIBRARY = "libc++";
				CLANG_ENABLE_MODULES = YES;
				CLANG_ENABLE_OBJC_ARC = YES;
				CLANG_WARN_BLOCK_CAPTURE_AUTORELEASING = YES;
				CLANG_WARN_BOOL_CONVERSION = YES;
				CLANG_WARN_COMMA = YES;
				CLANG_WARN_CONSTANT_CONVERSION = YES;
				CLANG_WARN_DIRECT_OBJC_ISA_USAGE = YES_ERROR;
				CLANG_WARN_EMPTY_BODY = YES;
				CLANG_WARN_ENUM_CONVERSION = YES;
				CLANG_WARN_INFINITE_RECURSION = YES;
				CLANG_WARN_INT_CONVERSION = YES;
				CLANG_WARN_NON_LITERAL_NULL_CONVERSION = YES;
				CLANG_WARN_OBJC_LITERAL_CONVERSION = YES;
				CLANG_WARN_OBJC_ROOT_CLASS = YES_ERROR;
				CLANG_WARN_RANGE_LOOP_ANALYSIS = YES;
				CLANG_WARN_SUSPICIOUS_MOVE = YES;
				CLANG_WARN_UNREACHABLE_CODE = YES;
				CLANG_WARN__DUPLICATE_METHOD_MATCH = YES;
				"CODE_SIGN_IDENTITY[sdk=iphoneos*]" = "iPhone Developer";
				COPY_PHASE_STRIP = NO;
				CURRENT_PROJECT_VERSION = 1;
				DEBUG_INFORMATION_FORMAT = dwarf;
				ENABLE_NS_ASSERTIONS = YES;
				ENABLE_STRICT_OBJC_MSGSEND = YES;
				ENABLE_TESTABILITY = YES;
				GCC_C_LANGUAGE_STANDARD = gnu99;
				GCC_DYNAMIC_NO_PIC = NO;
				GCC_NO_COMMON_BLOCKS = YES;
				GCC_OPTIMIZATION_LEVEL = 0;
				GCC_PREPROCESSOR_DEFINITIONS = (
					"DEBUG=1",
					"$(inherited)",
				);
				GCC_TREAT_WARNINGS_AS_ERRORS = YES;
				GCC_WARN_64_TO_32_BIT_CONVERSION = YES;
				GCC_WARN_ABOUT_RETURN_TYPE = YES_ERROR;
				GCC_WARN_UNDECLARED_SELECTOR = YES;
				GCC_WARN_UNINITIALIZED_AUTOS = YES_AGGRESSIVE;
				GCC_WARN_UNUSED_FUNCTION = YES;
				GCC_WARN_UNUSED_VARIABLE = YES;
				IPHONEOS_DEPLOYMENT_TARGET = 9.0;
				MTL_ENABLE_DEBUG_INFO = YES;
				ONLY_ACTIVE_ARCH = YES;
				SDKROOT = iphoneos;
				TARGETED_DEVICE_FAMILY = "1,2";
				VERSIONING_SYSTEM = "apple-generic";
				VERSION_INFO_PREFIX = "";
			};
			name = Debug;
		};
		F7650AF61BE954C600B97932 /* Release */ = {
			isa = XCBuildConfiguration;
			buildSettings = {
				ALWAYS_SEARCH_USER_PATHS = NO;
				CLANG_CXX_LANGUAGE_STANDARD = "gnu++0x";
				CLANG_CXX_LIBRARY = "libc++";
				CLANG_ENABLE_MODULES = YES;
				CLANG_ENABLE_OBJC_ARC = YES;
				CLANG_WARN_BLOCK_CAPTURE_AUTORELEASING = YES;
				CLANG_WARN_BOOL_CONVERSION = YES;
				CLANG_WARN_COMMA = YES;
				CLANG_WARN_CONSTANT_CONVERSION = YES;
				CLANG_WARN_DIRECT_OBJC_ISA_USAGE = YES_ERROR;
				CLANG_WARN_EMPTY_BODY = YES;
				CLANG_WARN_ENUM_CONVERSION = YES;
				CLANG_WARN_INFINITE_RECURSION = YES;
				CLANG_WARN_INT_CONVERSION = YES;
				CLANG_WARN_NON_LITERAL_NULL_CONVERSION = YES;
				CLANG_WARN_OBJC_LITERAL_CONVERSION = YES;
				CLANG_WARN_OBJC_ROOT_CLASS = YES_ERROR;
				CLANG_WARN_RANGE_LOOP_ANALYSIS = YES;
				CLANG_WARN_SUSPICIOUS_MOVE = YES;
				CLANG_WARN_UNREACHABLE_CODE = YES;
				CLANG_WARN__DUPLICATE_METHOD_MATCH = YES;
				"CODE_SIGN_IDENTITY[sdk=iphoneos*]" = "iPhone Developer";
				COPY_PHASE_STRIP = NO;
				CURRENT_PROJECT_VERSION = 1;
				DEBUG_INFORMATION_FORMAT = "dwarf-with-dsym";
				ENABLE_NS_ASSERTIONS = YES;
				ENABLE_STRICT_OBJC_MSGSEND = YES;
				GCC_C_LANGUAGE_STANDARD = gnu99;
				GCC_NO_COMMON_BLOCKS = YES;
				GCC_TREAT_WARNINGS_AS_ERRORS = YES;
				GCC_WARN_64_TO_32_BIT_CONVERSION = YES;
				GCC_WARN_ABOUT_RETURN_TYPE = YES_ERROR;
				GCC_WARN_UNDECLARED_SELECTOR = YES;
				GCC_WARN_UNINITIALIZED_AUTOS = YES_AGGRESSIVE;
				GCC_WARN_UNUSED_FUNCTION = YES;
				GCC_WARN_UNUSED_VARIABLE = YES;
				IPHONEOS_DEPLOYMENT_TARGET = 9.0;
				MTL_ENABLE_DEBUG_INFO = NO;
				SDKROOT = iphoneos;
				TARGETED_DEVICE_FAMILY = "1,2";
				VALIDATE_PRODUCT = YES;
				VERSIONING_SYSTEM = "apple-generic";
				VERSION_INFO_PREFIX = "";
			};
			name = Release;
		};
		F7650AF81BE954C600B97932 /* Debug */ = {
			isa = XCBuildConfiguration;
			baseConfigurationReference = AD56AC9E0E45160C4A0E780A /* Pods-IFAHtml.debug.xcconfig */;
			buildSettings = {
				CLANG_ENABLE_MODULES = YES;
				"CODE_SIGN_IDENTITY[sdk=iphoneos*]" = "";
				DEFINES_MODULE = YES;
				DYLIB_COMPATIBILITY_VERSION = 1;
				DYLIB_CURRENT_VERSION = 1;
				DYLIB_INSTALL_NAME_BASE = "@rpath";
				HEADER_SEARCH_PATHS = $SDKROOT/usr/include/libxml2;
				INFOPLIST_FILE = IFAHtml/Info.plist;
				INSTALL_PATH = "$(LOCAL_LIBRARY_DIR)/Frameworks";
				LD_RUNPATH_SEARCH_PATHS = "$(inherited) @executable_path/Frameworks @loader_path/Frameworks";
				PRODUCT_BUNDLE_IDENTIFIER = com.infoaccent.IFAHtml;
				PRODUCT_NAME = "$(TARGET_NAME)";
				SKIP_INSTALL = YES;
				SWIFT_OPTIMIZATION_LEVEL = "-Onone";
				SWIFT_SWIFT3_OBJC_INFERENCE = On;
				SWIFT_VERSION = 4.0;
			};
			name = Debug;
		};
		F7650AF91BE954C600B97932 /* Release */ = {
			isa = XCBuildConfiguration;
			baseConfigurationReference = F2490846EA961A5FE39A381F /* Pods-IFAHtml.release.xcconfig */;
			buildSettings = {
				CLANG_ENABLE_MODULES = YES;
				"CODE_SIGN_IDENTITY[sdk=iphoneos*]" = "";
				DEFINES_MODULE = YES;
				DYLIB_COMPATIBILITY_VERSION = 1;
				DYLIB_CURRENT_VERSION = 1;
				DYLIB_INSTALL_NAME_BASE = "@rpath";
				HEADER_SEARCH_PATHS = $SDKROOT/usr/include/libxml2;
				INFOPLIST_FILE = IFAHtml/Info.plist;
				INSTALL_PATH = "$(LOCAL_LIBRARY_DIR)/Frameworks";
				LD_RUNPATH_SEARCH_PATHS = "$(inherited) @executable_path/Frameworks @loader_path/Frameworks";
				PRODUCT_BUNDLE_IDENTIFIER = com.infoaccent.IFAHtml;
				PRODUCT_NAME = "$(TARGET_NAME)";
				SKIP_INSTALL = YES;
				SWIFT_SWIFT3_OBJC_INFERENCE = On;
				SWIFT_VERSION = 4.0;
			};
			name = Release;
		};
		F7650AFB1BE954C600B97932 /* Debug */ = {
			isa = XCBuildConfiguration;
			baseConfigurationReference = AE921523349ECDD924BB314C /* Pods-IFAHtml-IFAHtmlTests.debug.xcconfig */;
			buildSettings = {
				CLANG_ENABLE_MODULES = YES;
				INFOPLIST_FILE = IFAHtmlTests/Info.plist;
				LD_RUNPATH_SEARCH_PATHS = "$(inherited) @executable_path/Frameworks @loader_path/Frameworks";
				PRODUCT_BUNDLE_IDENTIFIER = com.infoaccent.IFAHtmlTests;
				PRODUCT_NAME = "$(TARGET_NAME)";
				SWIFT_OBJC_BRIDGING_HEADER = "IFAHtmlTests/classes/IFAHtmlTests-Bridging-Header.h";
				SWIFT_OPTIMIZATION_LEVEL = "-Onone";
				SWIFT_SWIFT3_OBJC_INFERENCE = On;
				SWIFT_VERSION = 4.0;
			};
			name = Debug;
		};
		F7650AFC1BE954C600B97932 /* Release */ = {
			isa = XCBuildConfiguration;
			baseConfigurationReference = BA86326ED183FE9F70BC6E95 /* Pods-IFAHtml-IFAHtmlTests.release.xcconfig */;
			buildSettings = {
				CLANG_ENABLE_MODULES = YES;
				INFOPLIST_FILE = IFAHtmlTests/Info.plist;
				LD_RUNPATH_SEARCH_PATHS = "$(inherited) @executable_path/Frameworks @loader_path/Frameworks";
				PRODUCT_BUNDLE_IDENTIFIER = com.infoaccent.IFAHtmlTests;
				PRODUCT_NAME = "$(TARGET_NAME)";
				SWIFT_OBJC_BRIDGING_HEADER = "IFAHtmlTests/classes/IFAHtmlTests-Bridging-Header.h";
				SWIFT_SWIFT3_OBJC_INFERENCE = On;
				SWIFT_VERSION = 4.0;
			};
			name = Release;
		};
/* End XCBuildConfiguration section */

/* Begin XCConfigurationList section */
		F7650ADD1BE954C600B97932 /* Build configuration list for PBXProject "IFAHtml" */ = {
			isa = XCConfigurationList;
			buildConfigurations = (
				F7650AF51BE954C600B97932 /* Debug */,
				F7650AF61BE954C600B97932 /* Release */,
			);
			defaultConfigurationIsVisible = 0;
			defaultConfigurationName = Release;
		};
		F7650AF71BE954C600B97932 /* Build configuration list for PBXNativeTarget "IFAHtml" */ = {
			isa = XCConfigurationList;
			buildConfigurations = (
				F7650AF81BE954C600B97932 /* Debug */,
				F7650AF91BE954C600B97932 /* Release */,
			);
			defaultConfigurationIsVisible = 0;
			defaultConfigurationName = Release;
		};
		F7650AFA1BE954C600B97932 /* Build configuration list for PBXNativeTarget "IFAHtmlTests" */ = {
			isa = XCConfigurationList;
			buildConfigurations = (
				F7650AFB1BE954C600B97932 /* Debug */,
				F7650AFC1BE954C600B97932 /* Release */,
			);
			defaultConfigurationIsVisible = 0;
			defaultConfigurationName = Release;
		};
/* End XCConfigurationList section */
	};
	rootObject = F7650ADA1BE954C600B97932 /* Project object */;
}
