PODS:
  - IFAAppUI (1.0.4):
    - IFACoreUI
  - IFACoreUI (1.0.6):
    - IFAFoundation
  - IFAFoundation (1.0.12)
  - IFATestingSupport (1.0.3):
    - OCHamcrest (~> 4)
    - OCMock (~> 3)
  - OCHamcrest (4.3.0)
  - OCMock (3.2)

DEPENDENCIES:
  - IFAAppUI (~> 1)
  - IFATestingSupport
  - OCHamcrest
  - OCMock

SPEC CHECKSUMS:
  IFAAppUI: 3b024dda27ae8b062dd18d721b5e77e7caa875ee
  IFACoreUI: 5c238d876ce584d5bb3e7735045e06ae28b49b93
  IFAFoundation: 14470c198dc14c26ebe575677be1d31666ac5a6f
  IFATestingSupport: 6558e25b6d4bac3fc11caec7ffe05e6e4bfbca77
  OCHamcrest: cd63d27f48a266d4412c0b295b01b8f0940efa81
  OCMock: 28def049ef47f996b515a8eeea958be7ccab2dbb

COCOAPODS: 0.39.0
