PODS:
  - IFAAppUI (1.0.6):
    - IFACoreUI (~> 1)
  - IFACoreUI (1.1.0):
    - IFAFoundation (~> 1)
  - IFAFoundation (1.1.0)
  - IFATestingSupport (1.0.3):
    - OCHamcrest (~> 4)
    - OCMock (~> 3)
  - OCHamcrest (4.3.0)
  - OCMock (3.2)

DEPENDENCIES:
  - IFAAppUI
  - IFATestingSupport
  - OCHamcrest
  - OCMock

SPEC CHECKSUMS:
  IFAAppUI: a49adebd24ba1c8936e27c603dcedf0104af5ce8
  IFACoreUI: f5cb202a579cfcca48d26ac568007c96f03ffe2c
  IFAFoundation: a19a4798167e36abc947814955aba7ed70f562c2
  IFATestingSupport: 6558e25b6d4bac3fc11caec7ffe05e6e4bfbca77
  OCHamcrest: cd63d27f48a266d4412c0b295b01b8f0940efa81
  OCMock: 28def049ef47f996b515a8eeea958be7ccab2dbb

PODFILE CHECKSUM: dfa50e1a16addeb02f5b687b40c81ef9d084046c

COCOAPODS: 1.1.1
