// !$*UTF8*$!
{
	archiveVersion = 1;
	classes = {
	};
	objectVersion = 46;
	objects = {

/* Begin PBXBuildFile section */
		BB1051D4978F33493BAEC066 /* Pods.framework in Frameworks */ = {isa = PBXBuildFile; fileRef = 26B2D47207A3E7A55B24FDDF /* Pods.framework */; };
		F74ACC1A1BEBFC3D00C4B73E /* UIImage+IFA_ECImageWithUIView.h in Headers */ = {isa = PBXBuildFile; fileRef = F7650E921BEBF30B00B97932 /* UIImage+IFA_ECImageWithUIView.h */; settings = {ATTRIBUTES = (Public, ); }; };
		F74ACC1B1BEBFCE200C4B73E /* IFAAppUI.framework in Frameworks */ = {isa = PBXBuildFile; fileRef = F7650ABF1BE9548000B97932 /* IFAAppUI.framework */; };
		F7650ED71BEBF30B00B97932 /* IFA_ECSlidingViewController.h in Headers */ = {isa = PBXBuildFile; fileRef = F7650E8F1BEBF30B00B97932 /* IFA_ECSlidingViewController.h */; settings = {ATTRIBUTES = (Public, ); }; };
		F7650ED81BEBF30B00B97932 /* IFA_ECSlidingViewController.m in Sources */ = {isa = PBXBuildFile; fileRef = F7650E901BEBF30B00B97932 /* IFA_ECSlidingViewController.m */; };
		F7650EDB1BEBF30B00B97932 /* UIImage+IFA_ECImageWithUIView.m in Sources */ = {isa = PBXBuildFile; fileRef = F7650E931BEBF30B00B97932 /* UIImage+IFA_ECImageWithUIView.m */; };
		F7650EDC1BEBF30B00B97932 /* IFA_IBActionSheet.h in Headers */ = {isa = PBXBuildFile; fileRef = F7650E951BEBF30B00B97932 /* IFA_IBActionSheet.h */; settings = {ATTRIBUTES = (Public, ); }; };
		F7650EDD1BEBF30B00B97932 /* IFA_IBActionSheet.m in Sources */ = {isa = PBXBuildFile; fileRef = F7650E961BEBF30B00B97932 /* IFA_IBActionSheet.m */; };
		F7650EDE1BEBF30B00B97932 /* IFA_SVModalWebViewController.h in Headers */ = {isa = PBXBuildFile; fileRef = F7650E981BEBF30B00B97932 /* IFA_SVModalWebViewController.h */; settings = {ATTRIBUTES = (Public, ); }; };
		F7650EDF1BEBF30B00B97932 /* IFA_SVModalWebViewController.m in Sources */ = {isa = PBXBuildFile; fileRef = F7650E991BEBF30B00B97932 /* IFA_SVModalWebViewController.m */; };
		F7650EE01BEBF30B00B97932 /* IFA_SVWebViewController.h in Headers */ = {isa = PBXBuildFile; fileRef = F7650E9A1BEBF30B00B97932 /* IFA_SVWebViewController.h */; settings = {ATTRIBUTES = (Public, ); }; };
		F7650EE11BEBF30B00B97932 /* IFA_SVWebViewController.m in Sources */ = {isa = PBXBuildFile; fileRef = F7650E9B1BEBF30B00B97932 /* IFA_SVWebViewController.m */; };
		F7650EE51BEBF30B00B97932 /* IFAAppUI.h in Headers */ = {isa = PBXBuildFile; fileRef = F7650E9F1BEBF30B00B97932 /* IFAAppUI.h */; settings = {ATTRIBUTES = (Public, ); }; };
		F7650EE61BEBF30B00B97932 /* IFAAboutFormViewController.h in Headers */ = {isa = PBXBuildFile; fileRef = F7650EA01BEBF30B00B97932 /* IFAAboutFormViewController.h */; settings = {ATTRIBUTES = (Public, ); }; };
		F7650EE71BEBF30B00B97932 /* IFAAboutFormViewController.m in Sources */ = {isa = PBXBuildFile; fileRef = F7650EA11BEBF30B00B97932 /* IFAAboutFormViewController.m */; };
		F7650EE81BEBF30B00B97932 /* IFAAboutInfoModel.h in Headers */ = {isa = PBXBuildFile; fileRef = F7650EA21BEBF30B00B97932 /* IFAAboutInfoModel.h */; settings = {ATTRIBUTES = (Public, ); }; };
		F7650EE91BEBF30B00B97932 /* IFAAboutInfoModel.m in Sources */ = {isa = PBXBuildFile; fileRef = F7650EA31BEBF30B00B97932 /* IFAAboutInfoModel.m */; };
		F7650EEA1BEBF30B00B97932 /* IFAAboutViewController.h in Headers */ = {isa = PBXBuildFile; fileRef = F7650EA41BEBF30B00B97932 /* IFAAboutViewController.h */; settings = {ATTRIBUTES = (Public, ); }; };
		F7650EEB1BEBF30B00B97932 /* IFAAboutViewController.m in Sources */ = {isa = PBXBuildFile; fileRef = F7650EA51BEBF30B00B97932 /* IFAAboutViewController.m */; };
		F7650EEC1BEBF30B00B97932 /* IFAAbstractPagingContainerViewController.h in Headers */ = {isa = PBXBuildFile; fileRef = F7650EA61BEBF30B00B97932 /* IFAAbstractPagingContainerViewController.h */; settings = {ATTRIBUTES = (Public, ); }; };
		F7650EED1BEBF30B00B97932 /* IFAAbstractPagingContainerViewController.m in Sources */ = {isa = PBXBuildFile; fileRef = F7650EA71BEBF30B00B97932 /* IFAAbstractPagingContainerViewController.m */; };
		F7650EEE1BEBF30B00B97932 /* IFAAbstractWebBrowserActivity.h in Headers */ = {isa = PBXBuildFile; fileRef = F7650EA81BEBF30B00B97932 /* IFAAbstractWebBrowserActivity.h */; settings = {ATTRIBUTES = (Public, ); }; };
		F7650EEF1BEBF30B00B97932 /* IFAAbstractWebBrowserActivity.m in Sources */ = {isa = PBXBuildFile; fileRef = F7650EA91BEBF30B00B97932 /* IFAAbstractWebBrowserActivity.m */; };
		F7650EF01BEBF30B00B97932 /* IFAAppDefaultAppearanceTheme.h in Headers */ = {isa = PBXBuildFile; fileRef = F7650EAA1BEBF30B00B97932 /* IFAAppDefaultAppearanceTheme.h */; settings = {ATTRIBUTES = (Public, ); }; };
		F7650EF11BEBF30B00B97932 /* IFAAppDefaultAppearanceTheme.m in Sources */ = {isa = PBXBuildFile; fileRef = F7650EAB1BEBF30B00B97932 /* IFAAppDefaultAppearanceTheme.m */; };
		F7650EF21BEBF30B00B97932 /* IFAApplicationDelegate.h in Headers */ = {isa = PBXBuildFile; fileRef = F7650EAC1BEBF30B00B97932 /* IFAApplicationDelegate.h */; settings = {ATTRIBUTES = (Public, ); }; };
		F7650EF31BEBF30B00B97932 /* IFAApplicationDelegate.m in Sources */ = {isa = PBXBuildFile; fileRef = F7650EAD1BEBF30B00B97932 /* IFAApplicationDelegate.m */; };
		F7650EF41BEBF30B00B97932 /* IFAApplicationLog+IFACoreApp.h in Headers */ = {isa = PBXBuildFile; fileRef = F7650EAE1BEBF30B00B97932 /* IFAApplicationLog+IFACoreApp.h */; settings = {ATTRIBUTES = (Public, ); }; };
		F7650EF51BEBF30B00B97932 /* IFAApplicationLog+IFACoreApp.m in Sources */ = {isa = PBXBuildFile; fileRef = F7650EAF1BEBF30B00B97932 /* IFAApplicationLog+IFACoreApp.m */; };
		F7650EF61BEBF30B00B97932 /* IFAApplicationLog.h in Headers */ = {isa = PBXBuildFile; fileRef = F7650EB01BEBF30B00B97932 /* IFAApplicationLog.h */; settings = {ATTRIBUTES = (Public, ); }; };
		F7650EF71BEBF30B00B97932 /* IFAApplicationLog.m in Sources */ = {isa = PBXBuildFile; fileRef = F7650EB11BEBF30B00B97932 /* IFAApplicationLog.m */; };
		F7650EF81BEBF30B00B97932 /* IFAApplicationLogViewController.h in Headers */ = {isa = PBXBuildFile; fileRef = F7650EB21BEBF30B00B97932 /* IFAApplicationLogViewController.h */; settings = {ATTRIBUTES = (Public, ); }; };
		F7650EF91BEBF30B00B97932 /* IFAApplicationLogViewController.m in Sources */ = {isa = PBXBuildFile; fileRef = F7650EB31BEBF30B00B97932 /* IFAApplicationLogViewController.m */; };
		F7650EFA1BEBF30B00B97932 /* IFAAppMapViewController.h in Headers */ = {isa = PBXBuildFile; fileRef = F7650EB41BEBF30B00B97932 /* IFAAppMapViewController.h */; settings = {ATTRIBUTES = (Public, ); }; };
		F7650EFB1BEBF30B00B97932 /* IFAAppMapViewController.m in Sources */ = {isa = PBXBuildFile; fileRef = F7650EB51BEBF30B00B97932 /* IFAAppMapViewController.m */; };
		F7650EFC1BEBF30B00B97932 /* IFADynamicPagingContainerViewController.h in Headers */ = {isa = PBXBuildFile; fileRef = F7650EB61BEBF30B00B97932 /* IFADynamicPagingContainerViewController.h */; settings = {ATTRIBUTES = (Public, ); }; };
		F7650EFD1BEBF30B00B97932 /* IFADynamicPagingContainerViewController.m in Sources */ = {isa = PBXBuildFile; fileRef = F7650EB71BEBF30B00B97932 /* IFADynamicPagingContainerViewController.m */; };
		F7650EFE1BEBF30B00B97932 /* IFADynamicPagingContainerViewControllerDataSource.h in Headers */ = {isa = PBXBuildFile; fileRef = F7650EB81BEBF30B00B97932 /* IFADynamicPagingContainerViewControllerDataSource.h */; settings = {ATTRIBUTES = (Public, ); }; };
		F7650EFF1BEBF30B00B97932 /* IFAEmailManager.h in Headers */ = {isa = PBXBuildFile; fileRef = F7650EB91BEBF30B00B97932 /* IFAEmailManager.h */; settings = {ATTRIBUTES = (Public, ); }; };
		F7650F001BEBF30B00B97932 /* IFAEmailManager.m in Sources */ = {isa = PBXBuildFile; fileRef = F7650EBA1BEBF30B00B97932 /* IFAEmailManager.m */; };
		F7650F011BEBF30B00B97932 /* IFAExternalWebBrowserActivity.h in Headers */ = {isa = PBXBuildFile; fileRef = F7650EBB1BEBF30B00B97932 /* IFAExternalWebBrowserActivity.h */; settings = {ATTRIBUTES = (Public, ); }; };
		F7650F021BEBF30B00B97932 /* IFAExternalWebBrowserActivity.m in Sources */ = {isa = PBXBuildFile; fileRef = F7650EBC1BEBF30B00B97932 /* IFAExternalWebBrowserActivity.m */; };
		F7650F031BEBF30B00B97932 /* IFAInternalWebBrowserActivity.h in Headers */ = {isa = PBXBuildFile; fileRef = F7650EBD1BEBF30B00B97932 /* IFAInternalWebBrowserActivity.h */; settings = {ATTRIBUTES = (Public, ); }; };
		F7650F041BEBF30B00B97932 /* IFAInternalWebBrowserActivity.m in Sources */ = {isa = PBXBuildFile; fileRef = F7650EBE1BEBF30B00B97932 /* IFAInternalWebBrowserActivity.m */; };
		F7650F051BEBF30B00B97932 /* IFAInternalWebBrowserViewController.h in Headers */ = {isa = PBXBuildFile; fileRef = F7650EBF1BEBF30B00B97932 /* IFAInternalWebBrowserViewController.h */; settings = {ATTRIBUTES = (Public, ); }; };
		F7650F061BEBF30B00B97932 /* IFAInternalWebBrowserViewController.m in Sources */ = {isa = PBXBuildFile; fileRef = F7650EC01BEBF30B00B97932 /* IFAInternalWebBrowserViewController.m */; };
		F7650F071BEBF30B00B97932 /* IFAMasterDetailViewController.h in Headers */ = {isa = PBXBuildFile; fileRef = F7650EC11BEBF30B00B97932 /* IFAMasterDetailViewController.h */; settings = {ATTRIBUTES = (Public, ); }; };
		F7650F081BEBF30B00B97932 /* IFAMasterDetailViewController.m in Sources */ = {isa = PBXBuildFile; fileRef = F7650EC21BEBF30B00B97932 /* IFAMasterDetailViewController.m */; };
		F7650F091BEBF30B00B97932 /* IFAPhoneServiceManager.h in Headers */ = {isa = PBXBuildFile; fileRef = F7650EC31BEBF30B00B97932 /* IFAPhoneServiceManager.h */; settings = {ATTRIBUTES = (Public, ); }; };
		F7650F0A1BEBF30B00B97932 /* IFAPhoneServiceManager.m in Sources */ = {isa = PBXBuildFile; fileRef = F7650EC41BEBF30B00B97932 /* IFAPhoneServiceManager.m */; };
		F7650F0B1BEBF30B00B97932 /* IFAPreferencesFormViewController.h in Headers */ = {isa = PBXBuildFile; fileRef = F7650EC51BEBF30B00B97932 /* IFAPreferencesFormViewController.h */; settings = {ATTRIBUTES = (Public, ); }; };
		F7650F0C1BEBF30B00B97932 /* IFAPreferencesFormViewController.m in Sources */ = {isa = PBXBuildFile; fileRef = F7650EC61BEBF30B00B97932 /* IFAPreferencesFormViewController.m */; };
		F7650F0D1BEBF30B00B97932 /* IFASlidingViewController.h in Headers */ = {isa = PBXBuildFile; fileRef = F7650EC71BEBF30B00B97932 /* IFASlidingViewController.h */; settings = {ATTRIBUTES = (Public, ); }; };
		F7650F0E1BEBF30B00B97932 /* IFASlidingViewController.m in Sources */ = {isa = PBXBuildFile; fileRef = F7650EC81BEBF30B00B97932 /* IFASlidingViewController.m */; };
		F7650F0F1BEBF30B00B97932 /* IFASplitViewController.h in Headers */ = {isa = PBXBuildFile; fileRef = F7650EC91BEBF30B00B97932 /* IFASplitViewController.h */; settings = {ATTRIBUTES = (Public, ); }; };
		F7650F101BEBF30B00B97932 /* IFASplitViewController.m in Sources */ = {isa = PBXBuildFile; fileRef = F7650ECA1BEBF30B00B97932 /* IFASplitViewController.m */; };
		F7650F111BEBF30B00B97932 /* IFAStaticPagingContainerViewController.h in Headers */ = {isa = PBXBuildFile; fileRef = F7650ECB1BEBF30B00B97932 /* IFAStaticPagingContainerViewController.h */; settings = {ATTRIBUTES = (Public, ); }; };
		F7650F121BEBF30B00B97932 /* IFAStaticPagingContainerViewController.m in Sources */ = {isa = PBXBuildFile; fileRef = F7650ECC1BEBF30B00B97932 /* IFAStaticPagingContainerViewController.m */; };
		F7650F131BEBF30B00B97932 /* IFAThirdPartyCodeCreditsViewController.h in Headers */ = {isa = PBXBuildFile; fileRef = F7650ECD1BEBF30B00B97932 /* IFAThirdPartyCodeCreditsViewController.h */; settings = {ATTRIBUTES = (Public, ); }; };
		F7650F141BEBF30B00B97932 /* IFAThirdPartyCodeCreditsViewController.m in Sources */ = {isa = PBXBuildFile; fileRef = F7650ECE1BEBF30B00B97932 /* IFAThirdPartyCodeCreditsViewController.m */; };
		F7650F151BEBF30B00B97932 /* IFAUIUtils+IFACoreApp.h in Headers */ = {isa = PBXBuildFile; fileRef = F7650ECF1BEBF30B00B97932 /* IFAUIUtils+IFACoreApp.h */; settings = {ATTRIBUTES = (Public, ); }; };
		F7650F161BEBF30B00B97932 /* IFAUIUtils+IFACoreApp.m in Sources */ = {isa = PBXBuildFile; fileRef = F7650ED01BEBF30B00B97932 /* IFAUIUtils+IFACoreApp.m */; };
		F7650F171BEBF30B00B97932 /* IFAUserNotificationSettingsManager.h in Headers */ = {isa = PBXBuildFile; fileRef = F7650ED11BEBF30B00B97932 /* IFAUserNotificationSettingsManager.h */; settings = {ATTRIBUTES = (Public, ); }; };
		F7650F181BEBF30B00B97932 /* IFAUserNotificationSettingsManager.m in Sources */ = {isa = PBXBuildFile; fileRef = F7650ED21BEBF30B00B97932 /* IFAUserNotificationSettingsManager.m */; };
		F7650F191BEBF30B00B97932 /* NSURL+IFACoreApp.h in Headers */ = {isa = PBXBuildFile; fileRef = F7650ED31BEBF30B00B97932 /* NSURL+IFACoreApp.h */; settings = {ATTRIBUTES = (Public, ); }; };
		F7650F1A1BEBF30B00B97932 /* NSURL+IFACoreApp.m in Sources */ = {isa = PBXBuildFile; fileRef = F7650ED41BEBF30B00B97932 /* NSURL+IFACoreApp.m */; };
		F7650F1B1BEBF30B00B97932 /* UIViewController+IFACoreApp.h in Headers */ = {isa = PBXBuildFile; fileRef = F7650ED51BEBF30B00B97932 /* UIViewController+IFACoreApp.h */; settings = {ATTRIBUTES = (Public, ); }; };
		F7650F1C1BEBF30B00B97932 /* UIViewController+IFACoreApp.m in Sources */ = {isa = PBXBuildFile; fileRef = F7650ED61BEBF30B00B97932 /* UIViewController+IFACoreApp.m */; };
		F7650F271BEBF31400B97932 /* internalWebBrowserActivity@2x~ipad.png in Resources */ = {isa = PBXBuildFile; fileRef = F7650F201BEBF31400B97932 /* internalWebBrowserActivity@2x~ipad.png */; };
		F7650F281BEBF31400B97932 /* internalWebBrowserActivity@2x~iphone.png in Resources */ = {isa = PBXBuildFile; fileRef = F7650F211BEBF31400B97932 /* internalWebBrowserActivity@2x~iphone.png */; };
		F7650F291BEBF31400B97932 /* internalWebBrowserActivity~ipad.png in Resources */ = {isa = PBXBuildFile; fileRef = F7650F221BEBF31400B97932 /* internalWebBrowserActivity~ipad.png */; };
		F7650F2A1BEBF31400B97932 /* internalWebBrowserActivity~iphone.png in Resources */ = {isa = PBXBuildFile; fileRef = F7650F231BEBF31400B97932 /* internalWebBrowserActivity~iphone.png */; };
		F7650F2B1BEBF31400B97932 /* SVWebViewController.bundle in Resources */ = {isa = PBXBuildFile; fileRef = F7650F251BEBF31400B97932 /* SVWebViewController.bundle */; };
		F7650F2C1BEBF31400B97932 /* IFAAboutCustomView.xib in Resources */ = {isa = PBXBuildFile; fileRef = F7650F261BEBF31400B97932 /* IFAAboutCustomView.xib */; };
		F7650F301BEBF4A900B97932 /* IFAFoundation.framework in Frameworks */ = {isa = PBXBuildFile; fileRef = F7650F2F1BEBF4A900B97932 /* IFAFoundation.framework */; };
		F7650F321BEBF4AC00B97932 /* IFACoreUI.framework in Frameworks */ = {isa = PBXBuildFile; fileRef = F7650F311BEBF4AC00B97932 /* IFACoreUI.framework */; };
		F7650F351BEBF87300B97932 /* IFAUserNotificationSettingsManagerTests.m in Sources */ = {isa = PBXBuildFile; fileRef = F7650F341BEBF87300B97932 /* IFAUserNotificationSettingsManagerTests.m */; };
		F7650F391BEBFA8800B97932 /* IFACoreUI.framework in CopyFiles */ = {isa = PBXBuildFile; fileRef = F7650F311BEBF4AC00B97932 /* IFACoreUI.framework */; settings = {ATTRIBUTES = (CodeSignOnCopy, RemoveHeadersOnCopy, ); }; };
		F7650F3A1BEBFA8800B97932 /* IFAFoundation.framework in CopyFiles */ = {isa = PBXBuildFile; fileRef = F7650F2F1BEBF4A900B97932 /* IFAFoundation.framework */; settings = {ATTRIBUTES = (CodeSignOnCopy, RemoveHeadersOnCopy, ); }; };
/* End PBXBuildFile section */

/* Begin PBXContainerItemProxy section */
		F7650ACB1BE9548000B97932 /* PBXContainerItemProxy */ = {
			isa = PBXContainerItemProxy;
			containerPortal = F7650AB61BE9548000B97932 /* Project object */;
			proxyType = 1;
			remoteGlobalIDString = F7650ABE1BE9548000B97932;
			remoteInfo = IFAAppUI;
		};
/* End PBXContainerItemProxy section */

/* Begin PBXCopyFilesBuildPhase section */
		F7650F381BEBFA7800B97932 /* CopyFiles */ = {
			isa = PBXCopyFilesBuildPhase;
			buildActionMask = 2147483647;
			dstPath = "";
			dstSubfolderSpec = 10;
			files = (
				F7650F391BEBFA8800B97932 /* IFACoreUI.framework in CopyFiles */,
				F7650F3A1BEBFA8800B97932 /* IFAFoundation.framework in CopyFiles */,
			);
			runOnlyForDeploymentPostprocessing = 0;
		};
/* End PBXCopyFilesBuildPhase section */

/* Begin PBXFileReference section */
		11073E5F26F126F044506310 /* Pods.debug.xcconfig */ = {isa = PBXFileReference; includeInIndex = 1; lastKnownFileType = text.xcconfig; name = Pods.debug.xcconfig; path = "../Pods/Target Support Files/Pods/Pods.debug.xcconfig"; sourceTree = "<group>"; };
		26B2D47207A3E7A55B24FDDF /* Pods.framework */ = {isa = PBXFileReference; explicitFileType = wrapper.framework; includeInIndex = 0; path = Pods.framework; sourceTree = BUILT_PRODUCTS_DIR; };
		38AA2460098D8BD7E005D9AF /* Pods.release.xcconfig */ = {isa = PBXFileReference; includeInIndex = 1; lastKnownFileType = text.xcconfig; name = Pods.release.xcconfig; path = "../Pods/Target Support Files/Pods/Pods.release.xcconfig"; sourceTree = "<group>"; };
		F7650ABF1BE9548000B97932 /* IFAAppUI.framework */ = {isa = PBXFileReference; explicitFileType = wrapper.framework; includeInIndex = 0; path = IFAAppUI.framework; sourceTree = BUILT_PRODUCTS_DIR; };
		F7650AC41BE9548000B97932 /* Info.plist */ = {isa = PBXFileReference; lastKnownFileType = text.plist.xml; path = Info.plist; sourceTree = "<group>"; };
		F7650AC91BE9548000B97932 /* IFAAppUITests.xctest */ = {isa = PBXFileReference; explicitFileType = wrapper.cfbundle; includeInIndex = 0; path = IFAAppUITests.xctest; sourceTree = BUILT_PRODUCTS_DIR; };
		F7650AD01BE9548000B97932 /* Info.plist */ = {isa = PBXFileReference; lastKnownFileType = text.plist.xml; path = Info.plist; sourceTree = "<group>"; };
		F7650E8F1BEBF30B00B97932 /* IFA_ECSlidingViewController.h */ = {isa = PBXFileReference; fileEncoding = 4; lastKnownFileType = sourcecode.c.h; path = IFA_ECSlidingViewController.h; sourceTree = "<group>"; };
		F7650E901BEBF30B00B97932 /* IFA_ECSlidingViewController.m */ = {isa = PBXFileReference; fileEncoding = 4; lastKnownFileType = sourcecode.c.objc; path = IFA_ECSlidingViewController.m; sourceTree = "<group>"; };
		F7650E911BEBF30B00B97932 /* README.md */ = {isa = PBXFileReference; fileEncoding = 4; lastKnownFileType = net.daringfireball.markdown; path = README.md; sourceTree = "<group>"; };
		F7650E921BEBF30B00B97932 /* UIImage+IFA_ECImageWithUIView.h */ = {isa = PBXFileReference; fileEncoding = 4; lastKnownFileType = sourcecode.c.h; path = "UIImage+IFA_ECImageWithUIView.h"; sourceTree = "<group>"; };
		F7650E931BEBF30B00B97932 /* UIImage+IFA_ECImageWithUIView.m */ = {isa = PBXFileReference; fileEncoding = 4; lastKnownFileType = sourcecode.c.objc; path = "UIImage+IFA_ECImageWithUIView.m"; sourceTree = "<group>"; };
		F7650E951BEBF30B00B97932 /* IFA_IBActionSheet.h */ = {isa = PBXFileReference; fileEncoding = 4; lastKnownFileType = sourcecode.c.h; path = IFA_IBActionSheet.h; sourceTree = "<group>"; };
		F7650E961BEBF30B00B97932 /* IFA_IBActionSheet.m */ = {isa = PBXFileReference; fileEncoding = 4; lastKnownFileType = sourcecode.c.objc; path = IFA_IBActionSheet.m; sourceTree = "<group>"; };
		F7650E981BEBF30B00B97932 /* IFA_SVModalWebViewController.h */ = {isa = PBXFileReference; fileEncoding = 4; lastKnownFileType = sourcecode.c.h; path = IFA_SVModalWebViewController.h; sourceTree = "<group>"; };
		F7650E991BEBF30B00B97932 /* IFA_SVModalWebViewController.m */ = {isa = PBXFileReference; fileEncoding = 4; lastKnownFileType = sourcecode.c.objc; path = IFA_SVModalWebViewController.m; sourceTree = "<group>"; };
		F7650E9A1BEBF30B00B97932 /* IFA_SVWebViewController.h */ = {isa = PBXFileReference; fileEncoding = 4; lastKnownFileType = sourcecode.c.h; path = IFA_SVWebViewController.h; sourceTree = "<group>"; };
		F7650E9B1BEBF30B00B97932 /* IFA_SVWebViewController.m */ = {isa = PBXFileReference; fileEncoding = 4; lastKnownFileType = sourcecode.c.objc; path = IFA_SVWebViewController.m; sourceTree = "<group>"; };
		F7650E9C1BEBF30B00B97932 /* LICENSE.txt */ = {isa = PBXFileReference; fileEncoding = 4; lastKnownFileType = text; path = LICENSE.txt; sourceTree = "<group>"; };
		F7650E9D1BEBF30B00B97932 /* README.textile */ = {isa = PBXFileReference; fileEncoding = 4; lastKnownFileType = text; path = README.textile; sourceTree = "<group>"; };
		F7650E9F1BEBF30B00B97932 /* IFAAppUI.h */ = {isa = PBXFileReference; fileEncoding = 4; lastKnownFileType = sourcecode.c.h; path = IFAAppUI.h; sourceTree = "<group>"; };
		F7650EA01BEBF30B00B97932 /* IFAAboutFormViewController.h */ = {isa = PBXFileReference; fileEncoding = 4; lastKnownFileType = sourcecode.c.h; path = IFAAboutFormViewController.h; sourceTree = "<group>"; };
		F7650EA11BEBF30B00B97932 /* IFAAboutFormViewController.m */ = {isa = PBXFileReference; fileEncoding = 4; lastKnownFileType = sourcecode.c.objc; path = IFAAboutFormViewController.m; sourceTree = "<group>"; };
		F7650EA21BEBF30B00B97932 /* IFAAboutInfoModel.h */ = {isa = PBXFileReference; fileEncoding = 4; lastKnownFileType = sourcecode.c.h; path = IFAAboutInfoModel.h; sourceTree = "<group>"; };
		F7650EA31BEBF30B00B97932 /* IFAAboutInfoModel.m */ = {isa = PBXFileReference; fileEncoding = 4; lastKnownFileType = sourcecode.c.objc; path = IFAAboutInfoModel.m; sourceTree = "<group>"; };
		F7650EA41BEBF30B00B97932 /* IFAAboutViewController.h */ = {isa = PBXFileReference; fileEncoding = 4; lastKnownFileType = sourcecode.c.h; path = IFAAboutViewController.h; sourceTree = "<group>"; };
		F7650EA51BEBF30B00B97932 /* IFAAboutViewController.m */ = {isa = PBXFileReference; fileEncoding = 4; lastKnownFileType = sourcecode.c.objc; path = IFAAboutViewController.m; sourceTree = "<group>"; };
		F7650EA61BEBF30B00B97932 /* IFAAbstractPagingContainerViewController.h */ = {isa = PBXFileReference; fileEncoding = 4; lastKnownFileType = sourcecode.c.h; path = IFAAbstractPagingContainerViewController.h; sourceTree = "<group>"; };
		F7650EA71BEBF30B00B97932 /* IFAAbstractPagingContainerViewController.m */ = {isa = PBXFileReference; fileEncoding = 4; lastKnownFileType = sourcecode.c.objc; path = IFAAbstractPagingContainerViewController.m; sourceTree = "<group>"; };
		F7650EA81BEBF30B00B97932 /* IFAAbstractWebBrowserActivity.h */ = {isa = PBXFileReference; fileEncoding = 4; lastKnownFileType = sourcecode.c.h; path = IFAAbstractWebBrowserActivity.h; sourceTree = "<group>"; };
		F7650EA91BEBF30B00B97932 /* IFAAbstractWebBrowserActivity.m */ = {isa = PBXFileReference; fileEncoding = 4; lastKnownFileType = sourcecode.c.objc; path = IFAAbstractWebBrowserActivity.m; sourceTree = "<group>"; };
		F7650EAA1BEBF30B00B97932 /* IFAAppDefaultAppearanceTheme.h */ = {isa = PBXFileReference; fileEncoding = 4; lastKnownFileType = sourcecode.c.h; path = IFAAppDefaultAppearanceTheme.h; sourceTree = "<group>"; };
		F7650EAB1BEBF30B00B97932 /* IFAAppDefaultAppearanceTheme.m */ = {isa = PBXFileReference; fileEncoding = 4; lastKnownFileType = sourcecode.c.objc; path = IFAAppDefaultAppearanceTheme.m; sourceTree = "<group>"; };
		F7650EAC1BEBF30B00B97932 /* IFAApplicationDelegate.h */ = {isa = PBXFileReference; fileEncoding = 4; lastKnownFileType = sourcecode.c.h; path = IFAApplicationDelegate.h; sourceTree = "<group>"; };
		F7650EAD1BEBF30B00B97932 /* IFAApplicationDelegate.m */ = {isa = PBXFileReference; fileEncoding = 4; lastKnownFileType = sourcecode.c.objc; path = IFAApplicationDelegate.m; sourceTree = "<group>"; };
		F7650EAE1BEBF30B00B97932 /* IFAApplicationLog+IFACoreApp.h */ = {isa = PBXFileReference; fileEncoding = 4; lastKnownFileType = sourcecode.c.h; path = "IFAApplicationLog+IFACoreApp.h"; sourceTree = "<group>"; };
		F7650EAF1BEBF30B00B97932 /* IFAApplicationLog+IFACoreApp.m */ = {isa = PBXFileReference; fileEncoding = 4; lastKnownFileType = sourcecode.c.objc; path = "IFAApplicationLog+IFACoreApp.m"; sourceTree = "<group>"; };
		F7650EB01BEBF30B00B97932 /* IFAApplicationLog.h */ = {isa = PBXFileReference; fileEncoding = 4; lastKnownFileType = sourcecode.c.h; path = IFAApplicationLog.h; sourceTree = "<group>"; };
		F7650EB11BEBF30B00B97932 /* IFAApplicationLog.m */ = {isa = PBXFileReference; fileEncoding = 4; lastKnownFileType = sourcecode.c.objc; path = IFAApplicationLog.m; sourceTree = "<group>"; };
		F7650EB21BEBF30B00B97932 /* IFAApplicationLogViewController.h */ = {isa = PBXFileReference; fileEncoding = 4; lastKnownFileType = sourcecode.c.h; path = IFAApplicationLogViewController.h; sourceTree = "<group>"; };
		F7650EB31BEBF30B00B97932 /* IFAApplicationLogViewController.m */ = {isa = PBXFileReference; fileEncoding = 4; lastKnownFileType = sourcecode.c.objc; path = IFAApplicationLogViewController.m; sourceTree = "<group>"; };
		F7650EB41BEBF30B00B97932 /* IFAAppMapViewController.h */ = {isa = PBXFileReference; fileEncoding = 4; lastKnownFileType = sourcecode.c.h; path = IFAAppMapViewController.h; sourceTree = "<group>"; };
		F7650EB51BEBF30B00B97932 /* IFAAppMapViewController.m */ = {isa = PBXFileReference; fileEncoding = 4; lastKnownFileType = sourcecode.c.objc; path = IFAAppMapViewController.m; sourceTree = "<group>"; };
		F7650EB61BEBF30B00B97932 /* IFADynamicPagingContainerViewController.h */ = {isa = PBXFileReference; fileEncoding = 4; lastKnownFileType = sourcecode.c.h; path = IFADynamicPagingContainerViewController.h; sourceTree = "<group>"; };
		F7650EB71BEBF30B00B97932 /* IFADynamicPagingContainerViewController.m */ = {isa = PBXFileReference; fileEncoding = 4; lastKnownFileType = sourcecode.c.objc; path = IFADynamicPagingContainerViewController.m; sourceTree = "<group>"; };
		F7650EB81BEBF30B00B97932 /* IFADynamicPagingContainerViewControllerDataSource.h */ = {isa = PBXFileReference; fileEncoding = 4; lastKnownFileType = sourcecode.c.h; path = IFADynamicPagingContainerViewControllerDataSource.h; sourceTree = "<group>"; };
		F7650EB91BEBF30B00B97932 /* IFAEmailManager.h */ = {isa = PBXFileReference; fileEncoding = 4; lastKnownFileType = sourcecode.c.h; path = IFAEmailManager.h; sourceTree = "<group>"; };
		F7650EBA1BEBF30B00B97932 /* IFAEmailManager.m */ = {isa = PBXFileReference; fileEncoding = 4; lastKnownFileType = sourcecode.c.objc; path = IFAEmailManager.m; sourceTree = "<group>"; };
		F7650EBB1BEBF30B00B97932 /* IFAExternalWebBrowserActivity.h */ = {isa = PBXFileReference; fileEncoding = 4; lastKnownFileType = sourcecode.c.h; path = IFAExternalWebBrowserActivity.h; sourceTree = "<group>"; };
		F7650EBC1BEBF30B00B97932 /* IFAExternalWebBrowserActivity.m */ = {isa = PBXFileReference; fileEncoding = 4; lastKnownFileType = sourcecode.c.objc; path = IFAExternalWebBrowserActivity.m; sourceTree = "<group>"; };
		F7650EBD1BEBF30B00B97932 /* IFAInternalWebBrowserActivity.h */ = {isa = PBXFileReference; fileEncoding = 4; lastKnownFileType = sourcecode.c.h; path = IFAInternalWebBrowserActivity.h; sourceTree = "<group>"; };
		F7650EBE1BEBF30B00B97932 /* IFAInternalWebBrowserActivity.m */ = {isa = PBXFileReference; fileEncoding = 4; lastKnownFileType = sourcecode.c.objc; path = IFAInternalWebBrowserActivity.m; sourceTree = "<group>"; };
		F7650EBF1BEBF30B00B97932 /* IFAInternalWebBrowserViewController.h */ = {isa = PBXFileReference; fileEncoding = 4; lastKnownFileType = sourcecode.c.h; path = IFAInternalWebBrowserViewController.h; sourceTree = "<group>"; };
		F7650EC01BEBF30B00B97932 /* IFAInternalWebBrowserViewController.m */ = {isa = PBXFileReference; fileEncoding = 4; lastKnownFileType = sourcecode.c.objc; path = IFAInternalWebBrowserViewController.m; sourceTree = "<group>"; };
		F7650EC11BEBF30B00B97932 /* IFAMasterDetailViewController.h */ = {isa = PBXFileReference; fileEncoding = 4; lastKnownFileType = sourcecode.c.h; path = IFAMasterDetailViewController.h; sourceTree = "<group>"; };
		F7650EC21BEBF30B00B97932 /* IFAMasterDetailViewController.m */ = {isa = PBXFileReference; fileEncoding = 4; lastKnownFileType = sourcecode.c.objc; path = IFAMasterDetailViewController.m; sourceTree = "<group>"; };
		F7650EC31BEBF30B00B97932 /* IFAPhoneServiceManager.h */ = {isa = PBXFileReference; fileEncoding = 4; lastKnownFileType = sourcecode.c.h; path = IFAPhoneServiceManager.h; sourceTree = "<group>"; };
		F7650EC41BEBF30B00B97932 /* IFAPhoneServiceManager.m */ = {isa = PBXFileReference; fileEncoding = 4; lastKnownFileType = sourcecode.c.objc; path = IFAPhoneServiceManager.m; sourceTree = "<group>"; };
		F7650EC51BEBF30B00B97932 /* IFAPreferencesFormViewController.h */ = {isa = PBXFileReference; fileEncoding = 4; lastKnownFileType = sourcecode.c.h; path = IFAPreferencesFormViewController.h; sourceTree = "<group>"; };
		F7650EC61BEBF30B00B97932 /* IFAPreferencesFormViewController.m */ = {isa = PBXFileReference; fileEncoding = 4; lastKnownFileType = sourcecode.c.objc; path = IFAPreferencesFormViewController.m; sourceTree = "<group>"; };
		F7650EC71BEBF30B00B97932 /* IFASlidingViewController.h */ = {isa = PBXFileReference; fileEncoding = 4; lastKnownFileType = sourcecode.c.h; path = IFASlidingViewController.h; sourceTree = "<group>"; };
		F7650EC81BEBF30B00B97932 /* IFASlidingViewController.m */ = {isa = PBXFileReference; fileEncoding = 4; lastKnownFileType = sourcecode.c.objc; path = IFASlidingViewController.m; sourceTree = "<group>"; };
		F7650EC91BEBF30B00B97932 /* IFASplitViewController.h */ = {isa = PBXFileReference; fileEncoding = 4; lastKnownFileType = sourcecode.c.h; path = IFASplitViewController.h; sourceTree = "<group>"; };
		F7650ECA1BEBF30B00B97932 /* IFASplitViewController.m */ = {isa = PBXFileReference; fileEncoding = 4; lastKnownFileType = sourcecode.c.objc; path = IFASplitViewController.m; sourceTree = "<group>"; };
		F7650ECB1BEBF30B00B97932 /* IFAStaticPagingContainerViewController.h */ = {isa = PBXFileReference; fileEncoding = 4; lastKnownFileType = sourcecode.c.h; path = IFAStaticPagingContainerViewController.h; sourceTree = "<group>"; };
		F7650ECC1BEBF30B00B97932 /* IFAStaticPagingContainerViewController.m */ = {isa = PBXFileReference; fileEncoding = 4; lastKnownFileType = sourcecode.c.objc; path = IFAStaticPagingContainerViewController.m; sourceTree = "<group>"; };
		F7650ECD1BEBF30B00B97932 /* IFAThirdPartyCodeCreditsViewController.h */ = {isa = PBXFileReference; fileEncoding = 4; lastKnownFileType = sourcecode.c.h; path = IFAThirdPartyCodeCreditsViewController.h; sourceTree = "<group>"; };
		F7650ECE1BEBF30B00B97932 /* IFAThirdPartyCodeCreditsViewController.m */ = {isa = PBXFileReference; fileEncoding = 4; lastKnownFileType = sourcecode.c.objc; path = IFAThirdPartyCodeCreditsViewController.m; sourceTree = "<group>"; };
		F7650ECF1BEBF30B00B97932 /* IFAUIUtils+IFACoreApp.h */ = {isa = PBXFileReference; fileEncoding = 4; lastKnownFileType = sourcecode.c.h; path = "IFAUIUtils+IFACoreApp.h"; sourceTree = "<group>"; };
		F7650ED01BEBF30B00B97932 /* IFAUIUtils+IFACoreApp.m */ = {isa = PBXFileReference; fileEncoding = 4; lastKnownFileType = sourcecode.c.objc; path = "IFAUIUtils+IFACoreApp.m"; sourceTree = "<group>"; };
		F7650ED11BEBF30B00B97932 /* IFAUserNotificationSettingsManager.h */ = {isa = PBXFileReference; fileEncoding = 4; lastKnownFileType = sourcecode.c.h; path = IFAUserNotificationSettingsManager.h; sourceTree = "<group>"; };
		F7650ED21BEBF30B00B97932 /* IFAUserNotificationSettingsManager.m */ = {isa = PBXFileReference; fileEncoding = 4; lastKnownFileType = sourcecode.c.objc; path = IFAUserNotificationSettingsManager.m; sourceTree = "<group>"; };
		F7650ED31BEBF30B00B97932 /* NSURL+IFACoreApp.h */ = {isa = PBXFileReference; fileEncoding = 4; lastKnownFileType = sourcecode.c.h; path = "NSURL+IFACoreApp.h"; sourceTree = "<group>"; };
		F7650ED41BEBF30B00B97932 /* NSURL+IFACoreApp.m */ = {isa = PBXFileReference; fileEncoding = 4; lastKnownFileType = sourcecode.c.objc; path = "NSURL+IFACoreApp.m"; sourceTree = "<group>"; };
		F7650ED51BEBF30B00B97932 /* UIViewController+IFACoreApp.h */ = {isa = PBXFileReference; fileEncoding = 4; lastKnownFileType = sourcecode.c.h; path = "UIViewController+IFACoreApp.h"; sourceTree = "<group>"; };
		F7650ED61BEBF30B00B97932 /* UIViewController+IFACoreApp.m */ = {isa = PBXFileReference; fileEncoding = 4; lastKnownFileType = sourcecode.c.objc; path = "UIViewController+IFACoreApp.m"; sourceTree = "<group>"; };
		F7650F201BEBF31400B97932 /* internalWebBrowserActivity@2x~ipad.png */ = {isa = PBXFileReference; lastKnownFileType = image.png; path = "internalWebBrowserActivity@2x~ipad.png"; sourceTree = "<group>"; };
		F7650F211BEBF31400B97932 /* internalWebBrowserActivity@2x~iphone.png */ = {isa = PBXFileReference; lastKnownFileType = image.png; path = "internalWebBrowserActivity@2x~iphone.png"; sourceTree = "<group>"; };
		F7650F221BEBF31400B97932 /* internalWebBrowserActivity~ipad.png */ = {isa = PBXFileReference; lastKnownFileType = image.png; path = "internalWebBrowserActivity~ipad.png"; sourceTree = "<group>"; };
		F7650F231BEBF31400B97932 /* internalWebBrowserActivity~iphone.png */ = {isa = PBXFileReference; lastKnownFileType = image.png; path = "internalWebBrowserActivity~iphone.png"; sourceTree = "<group>"; };
		F7650F251BEBF31400B97932 /* SVWebViewController.bundle */ = {isa = PBXFileReference; lastKnownFileType = "wrapper.plug-in"; path = SVWebViewController.bundle; sourceTree = "<group>"; };
		F7650F261BEBF31400B97932 /* IFAAboutCustomView.xib */ = {isa = PBXFileReference; fileEncoding = 4; lastKnownFileType = file.xib; path = IFAAboutCustomView.xib; sourceTree = "<group>"; };
		F7650F2D1BEBF41900B97932 /* Cartfile */ = {isa = PBXFileReference; fileEncoding = 4; lastKnownFileType = text; name = Cartfile; path = ../Cartfile; sourceTree = "<group>"; };
		F7650F2F1BEBF4A900B97932 /* IFAFoundation.framework */ = {isa = PBXFileReference; lastKnownFileType = wrapper.framework; name = IFAFoundation.framework; path = ../Carthage/Build/iOS/IFAFoundation.framework; sourceTree = "<group>"; };
		F7650F311BEBF4AC00B97932 /* IFACoreUI.framework */ = {isa = PBXFileReference; lastKnownFileType = wrapper.framework; name = IFACoreUI.framework; path = ../Carthage/Build/iOS/IFACoreUI.framework; sourceTree = "<group>"; };
		F7650F341BEBF87300B97932 /* IFAUserNotificationSettingsManagerTests.m */ = {isa = PBXFileReference; fileEncoding = 4; lastKnownFileType = sourcecode.c.objc; path = IFAUserNotificationSettingsManagerTests.m; sourceTree = "<group>"; };
		F7650F361BEBF8AF00B97932 /* Podfile */ = {isa = PBXFileReference; lastKnownFileType = text; name = Podfile; path = ../Podfile; sourceTree = "<group>"; };
/* End PBXFileReference section */

/* Begin PBXFrameworksBuildPhase section */
		F7650ABB1BE9548000B97932 /* Frameworks */ = {
			isa = PBXFrameworksBuildPhase;
			buildActionMask = 2147483647;
			files = (
				F7650F301BEBF4A900B97932 /* IFAFoundation.framework in Frameworks */,
				F7650F321BEBF4AC00B97932 /* IFACoreUI.framework in Frameworks */,
			);
			runOnlyForDeploymentPostprocessing = 0;
		};
		F7650AC61BE9548000B97932 /* Frameworks */ = {
			isa = PBXFrameworksBuildPhase;
			buildActionMask = 2147483647;
			files = (
				F74ACC1B1BEBFCE200C4B73E /* IFAAppUI.framework in Frameworks */,
				BB1051D4978F33493BAEC066 /* Pods.framework in Frameworks */,
			);
			runOnlyForDeploymentPostprocessing = 0;
		};
/* End PBXFrameworksBuildPhase section */

/* Begin PBXGroup section */
		0AB487FB6ACE1B78F2FC1149 /* Pods */ = {
			isa = PBXGroup;
			children = (
				11073E5F26F126F044506310 /* Pods.debug.xcconfig */,
				38AA2460098D8BD7E005D9AF /* Pods.release.xcconfig */,
			);
			name = Pods;
			sourceTree = "<group>";
		};
		F7650AB51BE9548000B97932 = {
			isa = PBXGroup;
			children = (
				F7650F311BEBF4AC00B97932 /* IFACoreUI.framework */,
				F7650F2F1BEBF4A900B97932 /* IFAFoundation.framework */,
				F7650F2D1BEBF41900B97932 /* Cartfile */,
				F7650F361BEBF8AF00B97932 /* Podfile */,
				F7650AC11BE9548000B97932 /* IFAAppUI */,
				F7650ACD1BE9548000B97932 /* IFAAppUITests */,
				F7650AC01BE9548000B97932 /* Products */,
				0AB487FB6ACE1B78F2FC1149 /* Pods */,
				FCCD7584AF1D64F85CBD54E4 /* Frameworks */,
			);
			sourceTree = "<group>";
		};
		F7650AC01BE9548000B97932 /* Products */ = {
			isa = PBXGroup;
			children = (
				F7650ABF1BE9548000B97932 /* IFAAppUI.framework */,
				F7650AC91BE9548000B97932 /* IFAAppUITests.xctest */,
			);
			name = Products;
			sourceTree = "<group>";
		};
		F7650AC11BE9548000B97932 /* IFAAppUI */ = {
			isa = PBXGroup;
			children = (
				F7650E8C1BEBF30B00B97932 /* classes */,
				F7650F1D1BEBF31400B97932 /* resources */,
				F7650AC41BE9548000B97932 /* Info.plist */,
			);
			path = IFAAppUI;
			sourceTree = "<group>";
		};
		F7650ACD1BE9548000B97932 /* IFAAppUITests */ = {
			isa = PBXGroup;
			children = (
				F7650F331BEBF87300B97932 /* classes */,
				F7650AD01BE9548000B97932 /* Info.plist */,
			);
			path = IFAAppUITests;
			sourceTree = "<group>";
		};
		F7650E8C1BEBF30B00B97932 /* classes */ = {
			isa = PBXGroup;
			children = (
				F7650E8D1BEBF30B00B97932 /* 3rd party */,
				F7650E9F1BEBF30B00B97932 /* IFAAppUI.h */,
				F7650EA01BEBF30B00B97932 /* IFAAboutFormViewController.h */,
				F7650EA11BEBF30B00B97932 /* IFAAboutFormViewController.m */,
				F7650EA21BEBF30B00B97932 /* IFAAboutInfoModel.h */,
				F7650EA31BEBF30B00B97932 /* IFAAboutInfoModel.m */,
				F7650EA41BEBF30B00B97932 /* IFAAboutViewController.h */,
				F7650EA51BEBF30B00B97932 /* IFAAboutViewController.m */,
				F7650EA61BEBF30B00B97932 /* IFAAbstractPagingContainerViewController.h */,
				F7650EA71BEBF30B00B97932 /* IFAAbstractPagingContainerViewController.m */,
				F7650EA81BEBF30B00B97932 /* IFAAbstractWebBrowserActivity.h */,
				F7650EA91BEBF30B00B97932 /* IFAAbstractWebBrowserActivity.m */,
				F7650EAA1BEBF30B00B97932 /* IFAAppDefaultAppearanceTheme.h */,
				F7650EAB1BEBF30B00B97932 /* IFAAppDefaultAppearanceTheme.m */,
				F7650EAC1BEBF30B00B97932 /* IFAApplicationDelegate.h */,
				F7650EAD1BEBF30B00B97932 /* IFAApplicationDelegate.m */,
				F7650EAE1BEBF30B00B97932 /* IFAApplicationLog+IFACoreApp.h */,
				F7650EAF1BEBF30B00B97932 /* IFAApplicationLog+IFACoreApp.m */,
				F7650EB01BEBF30B00B97932 /* IFAApplicationLog.h */,
				F7650EB11BEBF30B00B97932 /* IFAApplicationLog.m */,
				F7650EB21BEBF30B00B97932 /* IFAApplicationLogViewController.h */,
				F7650EB31BEBF30B00B97932 /* IFAApplicationLogViewController.m */,
				F7650EB41BEBF30B00B97932 /* IFAAppMapViewController.h */,
				F7650EB51BEBF30B00B97932 /* IFAAppMapViewController.m */,
				F7650EB61BEBF30B00B97932 /* IFADynamicPagingContainerViewController.h */,
				F7650EB71BEBF30B00B97932 /* IFADynamicPagingContainerViewController.m */,
				F7650EB81BEBF30B00B97932 /* IFADynamicPagingContainerViewControllerDataSource.h */,
				F7650EB91BEBF30B00B97932 /* IFAEmailManager.h */,
				F7650EBA1BEBF30B00B97932 /* IFAEmailManager.m */,
				F7650EBB1BEBF30B00B97932 /* IFAExternalWebBrowserActivity.h */,
				F7650EBC1BEBF30B00B97932 /* IFAExternalWebBrowserActivity.m */,
				F7650EBD1BEBF30B00B97932 /* IFAInternalWebBrowserActivity.h */,
				F7650EBE1BEBF30B00B97932 /* IFAInternalWebBrowserActivity.m */,
				F7650EBF1BEBF30B00B97932 /* IFAInternalWebBrowserViewController.h */,
				F7650EC01BEBF30B00B97932 /* IFAInternalWebBrowserViewController.m */,
				F7650EC11BEBF30B00B97932 /* IFAMasterDetailViewController.h */,
				F7650EC21BEBF30B00B97932 /* IFAMasterDetailViewController.m */,
				F7650EC31BEBF30B00B97932 /* IFAPhoneServiceManager.h */,
				F7650EC41BEBF30B00B97932 /* IFAPhoneServiceManager.m */,
				F7650EC51BEBF30B00B97932 /* IFAPreferencesFormViewController.h */,
				F7650EC61BEBF30B00B97932 /* IFAPreferencesFormViewController.m */,
				F7650EC71BEBF30B00B97932 /* IFASlidingViewController.h */,
				F7650EC81BEBF30B00B97932 /* IFASlidingViewController.m */,
				F7650EC91BEBF30B00B97932 /* IFASplitViewController.h */,
				F7650ECA1BEBF30B00B97932 /* IFASplitViewController.m */,
				F7650ECB1BEBF30B00B97932 /* IFAStaticPagingContainerViewController.h */,
				F7650ECC1BEBF30B00B97932 /* IFAStaticPagingContainerViewController.m */,
				F7650ECD1BEBF30B00B97932 /* IFAThirdPartyCodeCreditsViewController.h */,
				F7650ECE1BEBF30B00B97932 /* IFAThirdPartyCodeCreditsViewController.m */,
				F7650ECF1BEBF30B00B97932 /* IFAUIUtils+IFACoreApp.h */,
				F7650ED01BEBF30B00B97932 /* IFAUIUtils+IFACoreApp.m */,
				F7650ED11BEBF30B00B97932 /* IFAUserNotificationSettingsManager.h */,
				F7650ED21BEBF30B00B97932 /* IFAUserNotificationSettingsManager.m */,
				F7650ED31BEBF30B00B97932 /* NSURL+IFACoreApp.h */,
				F7650ED41BEBF30B00B97932 /* NSURL+IFACoreApp.m */,
				F7650ED51BEBF30B00B97932 /* UIViewController+IFACoreApp.h */,
				F7650ED61BEBF30B00B97932 /* UIViewController+IFACoreApp.m */,
			);
			path = classes;
			sourceTree = "<group>";
		};
		F7650E8D1BEBF30B00B97932 /* 3rd party */ = {
			isa = PBXGroup;
			children = (
				F7650E8E1BEBF30B00B97932 /* ECSlidingViewController */,
				F7650E941BEBF30B00B97932 /* IBActionSheet */,
				F7650E971BEBF30B00B97932 /* SVWebViewController */,
			);
			path = "3rd party";
			sourceTree = "<group>";
		};
		F7650E8E1BEBF30B00B97932 /* ECSlidingViewController */ = {
			isa = PBXGroup;
			children = (
				F7650E8F1BEBF30B00B97932 /* IFA_ECSlidingViewController.h */,
				F7650E901BEBF30B00B97932 /* IFA_ECSlidingViewController.m */,
				F7650E911BEBF30B00B97932 /* README.md */,
				F7650E921BEBF30B00B97932 /* UIImage+IFA_ECImageWithUIView.h */,
				F7650E931BEBF30B00B97932 /* UIImage+IFA_ECImageWithUIView.m */,
			);
			path = ECSlidingViewController;
			sourceTree = "<group>";
		};
		F7650E941BEBF30B00B97932 /* IBActionSheet */ = {
			isa = PBXGroup;
			children = (
				F7650E951BEBF30B00B97932 /* IFA_IBActionSheet.h */,
				F7650E961BEBF30B00B97932 /* IFA_IBActionSheet.m */,
			);
			path = IBActionSheet;
			sourceTree = "<group>";
		};
		F7650E971BEBF30B00B97932 /* SVWebViewController */ = {
			isa = PBXGroup;
			children = (
				F7650E981BEBF30B00B97932 /* IFA_SVModalWebViewController.h */,
				F7650E991BEBF30B00B97932 /* IFA_SVModalWebViewController.m */,
				F7650E9A1BEBF30B00B97932 /* IFA_SVWebViewController.h */,
				F7650E9B1BEBF30B00B97932 /* IFA_SVWebViewController.m */,
				F7650E9C1BEBF30B00B97932 /* LICENSE.txt */,
				F7650E9D1BEBF30B00B97932 /* README.textile */,
			);
			path = SVWebViewController;
			sourceTree = "<group>";
		};
		F7650F1D1BEBF31400B97932 /* resources */ = {
			isa = PBXGroup;
			children = (
				F7650F1E1BEBF31400B97932 /* 3rd party */,
				F7650F261BEBF31400B97932 /* IFAAboutCustomView.xib */,
			);
			path = resources;
			sourceTree = "<group>";
		};
		F7650F1E1BEBF31400B97932 /* 3rd party */ = {
			isa = PBXGroup;
			children = (
				F7650F1F1BEBF31400B97932 /* iconshock.com */,
				F7650F241BEBF31400B97932 /* SVWebViewController */,
			);
			path = "3rd party";
			sourceTree = "<group>";
		};
		F7650F1F1BEBF31400B97932 /* iconshock.com */ = {
			isa = PBXGroup;
			children = (
				F7650F201BEBF31400B97932 /* internalWebBrowserActivity@2x~ipad.png */,
				F7650F211BEBF31400B97932 /* internalWebBrowserActivity@2x~iphone.png */,
				F7650F221BEBF31400B97932 /* internalWebBrowserActivity~ipad.png */,
				F7650F231BEBF31400B97932 /* internalWebBrowserActivity~iphone.png */,
			);
			path = iconshock.com;
			sourceTree = "<group>";
		};
		F7650F241BEBF31400B97932 /* SVWebViewController */ = {
			isa = PBXGroup;
			children = (
				F7650F251BEBF31400B97932 /* SVWebViewController.bundle */,
			);
			path = SVWebViewController;
			sourceTree = "<group>";
		};
		F7650F331BEBF87300B97932 /* classes */ = {
			isa = PBXGroup;
			children = (
				F7650F341BEBF87300B97932 /* IFAUserNotificationSettingsManagerTests.m */,
			);
			path = classes;
			sourceTree = "<group>";
		};
		FCCD7584AF1D64F85CBD54E4 /* Frameworks */ = {
			isa = PBXGroup;
			children = (
				26B2D47207A3E7A55B24FDDF /* Pods.framework */,
			);
			name = Frameworks;
			sourceTree = "<group>";
		};
/* End PBXGroup section */

/* Begin PBXHeadersBuildPhase section */
		F7650ABC1BE9548000B97932 /* Headers */ = {
			isa = PBXHeadersBuildPhase;
			buildActionMask = 2147483647;
			files = (
				F7650EF81BEBF30B00B97932 /* IFAApplicationLogViewController.h in Headers */,
				F7650F131BEBF30B00B97932 /* IFAThirdPartyCodeCreditsViewController.h in Headers */,
				F74ACC1A1BEBFC3D00C4B73E /* UIImage+IFA_ECImageWithUIView.h in Headers */,
				F7650EEC1BEBF30B00B97932 /* IFAAbstractPagingContainerViewController.h in Headers */,
				F7650EFE1BEBF30B00B97932 /* IFADynamicPagingContainerViewControllerDataSource.h in Headers */,
				F7650F0F1BEBF30B00B97932 /* IFASplitViewController.h in Headers */,
				F7650EE51BEBF30B00B97932 /* IFAAppUI.h in Headers */,
				F7650F0B1BEBF30B00B97932 /* IFAPreferencesFormViewController.h in Headers */,
				F7650EFA1BEBF30B00B97932 /* IFAAppMapViewController.h in Headers */,
				F7650EF01BEBF30B00B97932 /* IFAAppDefaultAppearanceTheme.h in Headers */,
				F7650EE01BEBF30B00B97932 /* IFA_SVWebViewController.h in Headers */,
				F7650F051BEBF30B00B97932 /* IFAInternalWebBrowserViewController.h in Headers */,
				F7650F091BEBF30B00B97932 /* IFAPhoneServiceManager.h in Headers */,
				F7650F1B1BEBF30B00B97932 /* UIViewController+IFACoreApp.h in Headers */,
				F7650EFF1BEBF30B00B97932 /* IFAEmailManager.h in Headers */,
				F7650EF21BEBF30B00B97932 /* IFAApplicationDelegate.h in Headers */,
				F7650EEA1BEBF30B00B97932 /* IFAAboutViewController.h in Headers */,
				F7650EEE1BEBF30B00B97932 /* IFAAbstractWebBrowserActivity.h in Headers */,
				F7650F011BEBF30B00B97932 /* IFAExternalWebBrowserActivity.h in Headers */,
				F7650EE81BEBF30B00B97932 /* IFAAboutInfoModel.h in Headers */,
				F7650F111BEBF30B00B97932 /* IFAStaticPagingContainerViewController.h in Headers */,
				F7650EFC1BEBF30B00B97932 /* IFADynamicPagingContainerViewController.h in Headers */,
				F7650F071BEBF30B00B97932 /* IFAMasterDetailViewController.h in Headers */,
				F7650F171BEBF30B00B97932 /* IFAUserNotificationSettingsManager.h in Headers */,
				F7650F031BEBF30B00B97932 /* IFAInternalWebBrowserActivity.h in Headers */,
				F7650F191BEBF30B00B97932 /* NSURL+IFACoreApp.h in Headers */,
				F7650EDC1BEBF30B00B97932 /* IFA_IBActionSheet.h in Headers */,
				F7650F0D1BEBF30B00B97932 /* IFASlidingViewController.h in Headers */,
				F7650EDE1BEBF30B00B97932 /* IFA_SVModalWebViewController.h in Headers */,
				F7650EE61BEBF30B00B97932 /* IFAAboutFormViewController.h in Headers */,
				F7650ED71BEBF30B00B97932 /* IFA_ECSlidingViewController.h in Headers */,
				F7650EF61BEBF30B00B97932 /* IFAApplicationLog.h in Headers */,
				F7650F151BEBF30B00B97932 /* IFAUIUtils+IFACoreApp.h in Headers */,
				F7650EF41BEBF30B00B97932 /* IFAApplicationLog+IFACoreApp.h in Headers */,
			);
			runOnlyForDeploymentPostprocessing = 0;
		};
/* End PBXHeadersBuildPhase section */

/* Begin PBXNativeTarget section */
		F7650ABE1BE9548000B97932 /* IFAAppUI */ = {
			isa = PBXNativeTarget;
			buildConfigurationList = F7650AD31BE9548100B97932 /* Build configuration list for PBXNativeTarget "IFAAppUI" */;
			buildPhases = (
				F7650ABA1BE9548000B97932 /* Sources */,
				F7650ABB1BE9548000B97932 /* Frameworks */,
				F7650ABC1BE9548000B97932 /* Headers */,
				F7650ABD1BE9548000B97932 /* Resources */,
			);
			buildRules = (
			);
			dependencies = (
			);
			name = IFAAppUI;
			productName = IFAAppUI;
			productReference = F7650ABF1BE9548000B97932 /* IFAAppUI.framework */;
			productType = "com.apple.product-type.framework";
		};
		F7650AC81BE9548000B97932 /* IFAAppUITests */ = {
			isa = PBXNativeTarget;
			buildConfigurationList = F7650AD61BE9548100B97932 /* Build configuration list for PBXNativeTarget "IFAAppUITests" */;
			buildPhases = (
				AFAC737C79E1A3D9324EEFCB /* Check Pods Manifest.lock */,
				F7650AC51BE9548000B97932 /* Sources */,
				F7650AC61BE9548000B97932 /* Frameworks */,
				F7650AC71BE9548000B97932 /* Resources */,
				F7650F381BEBFA7800B97932 /* CopyFiles */,
				658593824C645A0AC34D0E84 /* Embed Pods Frameworks */,
				F44E18A9534BF0A04E49233C /* Copy Pods Resources */,
			);
			buildRules = (
			);
			dependencies = (
				F7650ACC1BE9548000B97932 /* PBXTargetDependency */,
			);
			name = IFAAppUITests;
			productName = IFAAppUITests;
			productReference = F7650AC91BE9548000B97932 /* IFAAppUITests.xctest */;
			productType = "com.apple.product-type.bundle.unit-test";
		};
/* End PBXNativeTarget section */

/* Begin PBXProject section */
		F7650AB61BE9548000B97932 /* Project object */ = {
			isa = PBXProject;
			attributes = {
				LastUpgradeCheck = 0710;
				ORGANIZATIONNAME = "InfoAccent Pty Ltd";
				TargetAttributes = {
					F7650ABE1BE9548000B97932 = {
						CreatedOnToolsVersion = 7.1;
					};
					F7650AC81BE9548000B97932 = {
						CreatedOnToolsVersion = 7.1;
					};
				};
			};
			buildConfigurationList = F7650AB91BE9548000B97932 /* Build configuration list for PBXProject "IFAAppUI" */;
			compatibilityVersion = "Xcode 3.2";
			developmentRegion = English;
			hasScannedForEncodings = 0;
			knownRegions = (
				en,
			);
			mainGroup = F7650AB51BE9548000B97932;
			productRefGroup = F7650AC01BE9548000B97932 /* Products */;
			projectDirPath = "";
			projectRoot = "";
			targets = (
				F7650ABE1BE9548000B97932 /* IFAAppUI */,
				F7650AC81BE9548000B97932 /* IFAAppUITests */,
			);
		};
/* End PBXProject section */

/* Begin PBXResourcesBuildPhase section */
		F7650ABD1BE9548000B97932 /* Resources */ = {
			isa = PBXResourcesBuildPhase;
			buildActionMask = 2147483647;
			files = (
				F7650F2C1BEBF31400B97932 /* IFAAboutCustomView.xib in Resources */,
				F7650F2B1BEBF31400B97932 /* SVWebViewController.bundle in Resources */,
				F7650F291BEBF31400B97932 /* internalWebBrowserActivity~ipad.png in Resources */,
				F7650F281BEBF31400B97932 /* internalWebBrowserActivity@2x~iphone.png in Resources */,
				F7650F271BEBF31400B97932 /* internalWebBrowserActivity@2x~ipad.png in Resources */,
				F7650F2A1BEBF31400B97932 /* internalWebBrowserActivity~iphone.png in Resources */,
			);
			runOnlyForDeploymentPostprocessing = 0;
		};
		F7650AC71BE9548000B97932 /* Resources */ = {
			isa = PBXResourcesBuildPhase;
			buildActionMask = 2147483647;
			files = (
			);
			runOnlyForDeploymentPostprocessing = 0;
		};
/* End PBXResourcesBuildPhase section */

/* Begin PBXShellScriptBuildPhase section */
		658593824C645A0AC34D0E84 /* Embed Pods Frameworks */ = {
			isa = PBXShellScriptBuildPhase;
			buildActionMask = 2147483647;
			files = (
			);
			inputPaths = (
			);
			name = "Embed Pods Frameworks";
			outputPaths = (
			);
			runOnlyForDeploymentPostprocessing = 0;
			shellPath = /bin/sh;
			shellScript = "\"${SRCROOT}/../Pods/Target Support Files/Pods/Pods-frameworks.sh\"\n";
			showEnvVarsInLog = 0;
		};
		AFAC737C79E1A3D9324EEFCB /* Check Pods Manifest.lock */ = {
			isa = PBXShellScriptBuildPhase;
			buildActionMask = 2147483647;
			files = (
			);
			inputPaths = (
			);
			name = "Check Pods Manifest.lock";
			outputPaths = (
			);
			runOnlyForDeploymentPostprocessing = 0;
			shellPath = /bin/sh;
			shellScript = "diff \"${PODS_ROOT}/../Podfile.lock\" \"${PODS_ROOT}/Manifest.lock\" > /dev/null\nif [[ $? != 0 ]] ; then\n    cat << EOM\nerror: The sandbox is not in sync with the Podfile.lock. Run 'pod install' or update your CocoaPods installation.\nEOM\n    exit 1\nfi\n";
			showEnvVarsInLog = 0;
		};
		F44E18A9534BF0A04E49233C /* Copy Pods Resources */ = {
			isa = PBXShellScriptBuildPhase;
			buildActionMask = 2147483647;
			files = (
			);
			inputPaths = (
			);
			name = "Copy Pods Resources";
			outputPaths = (
			);
			runOnlyForDeploymentPostprocessing = 0;
			shellPath = /bin/sh;
			shellScript = "\"${SRCROOT}/../Pods/Target Support Files/Pods/Pods-resources.sh\"\n";
			showEnvVarsInLog = 0;
		};
/* End PBXShellScriptBuildPhase section */

/* Begin PBXSourcesBuildPhase section */
		F7650ABA1BE9548000B97932 /* Sources */ = {
			isa = PBXSourcesBuildPhase;
			buildActionMask = 2147483647;
			files = (
				F7650EE71BEBF30B00B97932 /* IFAAboutFormViewController.m in Sources */,
				F7650F0A1BEBF30B00B97932 /* IFAPhoneServiceManager.m in Sources */,
				F7650EF31BEBF30B00B97932 /* IFAApplicationDelegate.m in Sources */,
				F7650F001BEBF30B00B97932 /* IFAEmailManager.m in Sources */,
				F7650EF51BEBF30B00B97932 /* IFAApplicationLog+IFACoreApp.m in Sources */,
				F7650F021BEBF30B00B97932 /* IFAExternalWebBrowserActivity.m in Sources */,
				F7650F1A1BEBF30B00B97932 /* NSURL+IFACoreApp.m in Sources */,
				F7650EFD1BEBF30B00B97932 /* IFADynamicPagingContainerViewController.m in Sources */,
				F7650EF91BEBF30B00B97932 /* IFAApplicationLogViewController.m in Sources */,
				F7650EED1BEBF30B00B97932 /* IFAAbstractPagingContainerViewController.m in Sources */,
				F7650F1C1BEBF30B00B97932 /* UIViewController+IFACoreApp.m in Sources */,
				F7650EFB1BEBF30B00B97932 /* IFAAppMapViewController.m in Sources */,
				F7650EEB1BEBF30B00B97932 /* IFAAboutViewController.m in Sources */,
				F7650EDB1BEBF30B00B97932 /* UIImage+IFA_ECImageWithUIView.m in Sources */,
				F7650EEF1BEBF30B00B97932 /* IFAAbstractWebBrowserActivity.m in Sources */,
				F7650ED81BEBF30B00B97932 /* IFA_ECSlidingViewController.m in Sources */,
				F7650F081BEBF30B00B97932 /* IFAMasterDetailViewController.m in Sources */,
				F7650F141BEBF30B00B97932 /* IFAThirdPartyCodeCreditsViewController.m in Sources */,
				F7650F061BEBF30B00B97932 /* IFAInternalWebBrowserViewController.m in Sources */,
				F7650F041BEBF30B00B97932 /* IFAInternalWebBrowserActivity.m in Sources */,
				F7650EE11BEBF30B00B97932 /* IFA_SVWebViewController.m in Sources */,
				F7650F101BEBF30B00B97932 /* IFASplitViewController.m in Sources */,
				F7650F0C1BEBF30B00B97932 /* IFAPreferencesFormViewController.m in Sources */,
				F7650EDF1BEBF30B00B97932 /* IFA_SVModalWebViewController.m in Sources */,
				F7650EE91BEBF30B00B97932 /* IFAAboutInfoModel.m in Sources */,
				F7650F121BEBF30B00B97932 /* IFAStaticPagingContainerViewController.m in Sources */,
				F7650EF71BEBF30B00B97932 /* IFAApplicationLog.m in Sources */,
				F7650F181BEBF30B00B97932 /* IFAUserNotificationSettingsManager.m in Sources */,
				F7650EF11BEBF30B00B97932 /* IFAAppDefaultAppearanceTheme.m in Sources */,
				F7650F0E1BEBF30B00B97932 /* IFASlidingViewController.m in Sources */,
				F7650F161BEBF30B00B97932 /* IFAUIUtils+IFACoreApp.m in Sources */,
				F7650EDD1BEBF30B00B97932 /* IFA_IBActionSheet.m in Sources */,
			);
			runOnlyForDeploymentPostprocessing = 0;
		};
		F7650AC51BE9548000B97932 /* Sources */ = {
			isa = PBXSourcesBuildPhase;
			buildActionMask = 2147483647;
			files = (
				F7650F351BEBF87300B97932 /* IFAUserNotificationSettingsManagerTests.m in Sources */,
			);
			runOnlyForDeploymentPostprocessing = 0;
		};
/* End PBXSourcesBuildPhase section */

/* Begin PBXTargetDependency section */
		F7650ACC1BE9548000B97932 /* PBXTargetDependency */ = {
			isa = PBXTargetDependency;
			target = F7650ABE1BE9548000B97932 /* IFAAppUI */;
			targetProxy = F7650ACB1BE9548000B97932 /* PBXContainerItemProxy */;
		};
/* End PBXTargetDependency section */

/* Begin XCBuildConfiguration section */
		F7650AD11BE9548100B97932 /* Debug */ = {
			isa = XCBuildConfiguration;
			buildSettings = {
				ALWAYS_SEARCH_USER_PATHS = NO;
				CLANG_CXX_LANGUAGE_STANDARD = "gnu++0x";
				CLANG_CXX_LIBRARY = "libc++";
				CLANG_ENABLE_MODULES = YES;
				CLANG_ENABLE_OBJC_ARC = YES;
				CLANG_WARN_BOOL_CONVERSION = YES;
				CLANG_WARN_CONSTANT_CONVERSION = YES;
				CLANG_WARN_DIRECT_OBJC_ISA_USAGE = YES_ERROR;
				CLANG_WARN_EMPTY_BODY = YES;
				CLANG_WARN_ENUM_CONVERSION = YES;
				CLANG_WARN_INT_CONVERSION = YES;
				CLANG_WARN_OBJC_ROOT_CLASS = YES_ERROR;
				CLANG_WARN_UNREACHABLE_CODE = YES;
				CLANG_WARN__DUPLICATE_METHOD_MATCH = YES;
				"CODE_SIGN_IDENTITY[sdk=iphoneos*]" = "iPhone Developer";
				COPY_PHASE_STRIP = NO;
				CURRENT_PROJECT_VERSION = 1;
				DEBUG_INFORMATION_FORMAT = dwarf;
				ENABLE_STRICT_OBJC_MSGSEND = YES;
				ENABLE_TESTABILITY = YES;
				FRAMEWORK_SEARCH_PATHS = "$(SOURCE_ROOT)/../Carthage/Build/iOS";
				GCC_C_LANGUAGE_STANDARD = gnu99;
				GCC_DYNAMIC_NO_PIC = NO;
				GCC_NO_COMMON_BLOCKS = YES;
				GCC_OPTIMIZATION_LEVEL = 0;
				GCC_PREPROCESSOR_DEFINITIONS = (
					"DEBUG=1",
					"$(inherited)",
				);
				GCC_WARN_64_TO_32_BIT_CONVERSION = YES;
				GCC_WARN_ABOUT_RETURN_TYPE = YES_ERROR;
				GCC_WARN_UNDECLARED_SELECTOR = YES;
				GCC_WARN_UNINITIALIZED_AUTOS = YES_AGGRESSIVE;
				GCC_WARN_UNUSED_FUNCTION = YES;
				GCC_WARN_UNUSED_VARIABLE = YES;
				IPHONEOS_DEPLOYMENT_TARGET = 8.0;
				MTL_ENABLE_DEBUG_INFO = YES;
				ONLY_ACTIVE_ARCH = YES;
				SDKROOT = iphoneos;
				TARGETED_DEVICE_FAMILY = "1,2";
				VERSIONING_SYSTEM = "apple-generic";
				VERSION_INFO_PREFIX = "";
			};
			name = Debug;
		};
		F7650AD21BE9548100B97932 /* Release */ = {
			isa = XCBuildConfiguration;
			buildSettings = {
				ALWAYS_SEARCH_USER_PATHS = NO;
				CLANG_CXX_LANGUAGE_STANDARD = "gnu++0x";
				CLANG_CXX_LIBRARY = "libc++";
				CLANG_ENABLE_MODULES = YES;
				CLANG_ENABLE_OBJC_ARC = YES;
				CLANG_WARN_BOOL_CONVERSION = YES;
				CLANG_WARN_CONSTANT_CONVERSION = YES;
				CLANG_WARN_DIRECT_OBJC_ISA_USAGE = YES_ERROR;
				CLANG_WARN_EMPTY_BODY = YES;
				CLANG_WARN_ENUM_CONVERSION = YES;
				CLANG_WARN_INT_CONVERSION = YES;
				CLANG_WARN_OBJC_ROOT_CLASS = YES_ERROR;
				CLANG_WARN_UNREACHABLE_CODE = YES;
				CLANG_WARN__DUPLICATE_METHOD_MATCH = YES;
				"CODE_SIGN_IDENTITY[sdk=iphoneos*]" = "iPhone Developer";
				COPY_PHASE_STRIP = NO;
				CURRENT_PROJECT_VERSION = 1;
				DEBUG_INFORMATION_FORMAT = "dwarf-with-dsym";
				ENABLE_NS_ASSERTIONS = NO;
				ENABLE_STRICT_OBJC_MSGSEND = YES;
				FRAMEWORK_SEARCH_PATHS = "$(SOURCE_ROOT)/../Carthage/Build/iOS";
				GCC_C_LANGUAGE_STANDARD = gnu99;
				GCC_NO_COMMON_BLOCKS = YES;
				GCC_WARN_64_TO_32_BIT_CONVERSION = YES;
				GCC_WARN_ABOUT_RETURN_TYPE = YES_ERROR;
				GCC_WARN_UNDECLARED_SELECTOR = YES;
				GCC_WARN_UNINITIALIZED_AUTOS = YES_AGGRESSIVE;
				GCC_WARN_UNUSED_FUNCTION = YES;
				GCC_WARN_UNUSED_VARIABLE = YES;
				IPHONEOS_DEPLOYMENT_TARGET = 8.0;
				MTL_ENABLE_DEBUG_INFO = NO;
				SDKROOT = iphoneos;
				TARGETED_DEVICE_FAMILY = "1,2";
				VALIDATE_PRODUCT = YES;
				VERSIONING_SYSTEM = "apple-generic";
				VERSION_INFO_PREFIX = "";
			};
			name = Release;
		};
		F7650AD41BE9548100B97932 /* Debug */ = {
			isa = XCBuildConfiguration;
			buildSettings = {
				DEFINES_MODULE = YES;
				DYLIB_COMPATIBILITY_VERSION = 1;
				DYLIB_CURRENT_VERSION = 1;
				DYLIB_INSTALL_NAME_BASE = "@rpath";
				INFOPLIST_FILE = IFAAppUI/Info.plist;
				INSTALL_PATH = "$(LOCAL_LIBRARY_DIR)/Frameworks";
				LD_RUNPATH_SEARCH_PATHS = "$(inherited) @executable_path/Frameworks @loader_path/Frameworks";
				PRODUCT_BUNDLE_IDENTIFIER = com.infoaccent.IFAAppUI;
				PRODUCT_NAME = "$(TARGET_NAME)";
				SKIP_INSTALL = YES;
			};
			name = Debug;
		};
		F7650AD51BE9548100B97932 /* Release */ = {
			isa = XCBuildConfiguration;
			buildSettings = {
				DEFINES_MODULE = YES;
				DYLIB_COMPATIBILITY_VERSION = 1;
				DYLIB_CURRENT_VERSION = 1;
				DYLIB_INSTALL_NAME_BASE = "@rpath";
				INFOPLIST_FILE = IFAAppUI/Info.plist;
				INSTALL_PATH = "$(LOCAL_LIBRARY_DIR)/Frameworks";
				LD_RUNPATH_SEARCH_PATHS = "$(inherited) @executable_path/Frameworks @loader_path/Frameworks";
				PRODUCT_BUNDLE_IDENTIFIER = com.infoaccent.IFAAppUI;
				PRODUCT_NAME = "$(TARGET_NAME)";
				SKIP_INSTALL = YES;
			};
			name = Release;
		};
		F7650AD71BE9548100B97932 /* Debug */ = {
			isa = XCBuildConfiguration;
			baseConfigurationReference = 11073E5F26F126F044506310 /* Pods.debug.xcconfig */;
			buildSettings = {
				INFOPLIST_FILE = IFAAppUITests/Info.plist;
				LD_RUNPATH_SEARCH_PATHS = "$(inherited) @executable_path/Frameworks @loader_path/Frameworks";
				PRODUCT_BUNDLE_IDENTIFIER = com.infoaccent.IFAAppUITests;
				PRODUCT_NAME = "$(TARGET_NAME)";
			};
			name = Debug;
		};
		F7650AD81BE9548100B97932 /* Release */ = {
			isa = XCBuildConfiguration;
			baseConfigurationReference = 38AA2460098D8BD7E005D9AF /* Pods.release.xcconfig */;
			buildSettings = {
				INFOPLIST_FILE = IFAAppUITests/Info.plist;
				LD_RUNPATH_SEARCH_PATHS = "$(inherited) @executable_path/Frameworks @loader_path/Frameworks";
				PRODUCT_BUNDLE_IDENTIFIER = com.infoaccent.IFAAppUITests;
				PRODUCT_NAME = "$(TARGET_NAME)";
			};
			name = Release;
		};
/* End XCBuildConfiguration section */

/* Begin XCConfigurationList section */
		F7650AB91BE9548000B97932 /* Build configuration list for PBXProject "IFAAppUI" */ = {
			isa = XCConfigurationList;
			buildConfigurations = (
				F7650AD11BE9548100B97932 /* Debug */,
				F7650AD21BE9548100B97932 /* Release */,
			);
			defaultConfigurationIsVisible = 0;
			defaultConfigurationName = Release;
		};
		F7650AD31BE9548100B97932 /* Build configuration list for PBXNativeTarget "IFAAppUI" */ = {
			isa = XCConfigurationList;
			buildConfigurations = (
				F7650AD41BE9548100B97932 /* Debug */,
				F7650AD51BE9548100B97932 /* Release */,
			);
			defaultConfigurationIsVisible = 0;
			defaultConfigurationName = Release;
		};
		F7650AD61BE9548100B97932 /* Build configuration list for PBXNativeTarget "IFAAppUITests" */ = {
			isa = XCConfigurationList;
			buildConfigurations = (
				F7650AD71BE9548100B97932 /* Debug */,
				F7650AD81BE9548100B97932 /* Release */,
			);
			defaultConfigurationIsVisible = 0;
			defaultConfigurationName = Release;
		};
/* End XCConfigurationList section */
	};
	rootObject = F7650AB61BE9548000B97932 /* Project object */;
}
